<?xml version="1.0" encoding="utf-8"?>
<Project ToolsVersion="4.0" xmlns="http://schemas.microsoft.com/developer/msbuild/2003">
  <ItemGroup>
    <Filter Include="Source Files">
      <UniqueIdentifier>{4FC737F1-C7A5-4376-A066-2A32D752A2FF}</UniqueIdentifier>
      <Extensions>cpp;c;cc;cxx;c++;cppm;ixx;def;odl;idl;hpj;bat;asm;asmx</Extensions>
    </Filter>
    <Filter Include="Header Files">
      <UniqueIdentifier>{93995380-89BD-4b04-88EB-625FBE52EBFB}</UniqueIdentifier>
      <Extensions>h;hh;hpp;hxx;h++;hm;inl;inc;ipp;xsd</Extensions>
    </Filter>
    <Filter Include="Resource Files">
      <UniqueIdentifier>{67DA6AB6-F800-4c08-8B7A-83BB121AAD01}</UniqueIdentifier>
      <Extensions>rc;ico;cur;bmp;dlg;rc2;rct;bin;rgs;gif;jpg;jpeg;jpe;resx;tiff;tif;png;wav;mfcribbon-ms</Extensions>
    </Filter>
    <Filter Include="3rd Party">
      <UniqueIdentifier>{246a6cf6-a175-4b1a-a75e-f60669789f6d}</UniqueIdentifier>
    </Filter>
    <Filter Include="Header Files\ImGuiWindows">
      <UniqueIdentifier>{fb4ff610-e08a-4e3f-bcb3-ccbb3f22aede}</UniqueIdentifier>
    </Filter>
    <Filter Include="Source Files\ImGuiWindows">
      <UniqueIdentifier>{77b7cffb-a41e-4111-a495-dbf8207b6c8b}</UniqueIdentifier>
    </Filter>
    <Filter Include="Header Files\ImGuiWindows\Windows">
      <UniqueIdentifier>{2cdef023-67c8-4833-9d6f-f819fe02c847}</UniqueIdentifier>
    </Filter>
    <Filter Include="Source Files\ImGuiWindows\Windows">
      <UniqueIdentifier>{1511347f-6a83-46cd-8cf0-27ebc8c9bc8a}</UniqueIdentifier>
    </Filter>
    <Filter Include="3rd Party\ImGuiImpl">
      <UniqueIdentifier>{88add625-f16a-454c-944c-24e8ee750c86}</UniqueIdentifier>
    </Filter>
    <Filter Include="3rd Party\RapidJson">
      <UniqueIdentifier>{43d25d51-64af-4441-b307-e5a5298965c0}</UniqueIdentifier>
    </Filter>
    <Filter Include="3rd Party\RapidJson\error">
      <UniqueIdentifier>{f9d67651-8d29-4f47-9727-666f24765454}</UniqueIdentifier>
    </Filter>
    <Filter Include="3rd Party\RapidJson\internal">
      <UniqueIdentifier>{be359858-343e-4690-8919-3216bea46802}</UniqueIdentifier>
    </Filter>
    <Filter Include="3rd Party\RapidJson\msinttypes">
      <UniqueIdentifier>{8c5493ea-2686-4da7-a9ca-57b5fcaa6c80}</UniqueIdentifier>
    </Filter>
  </ItemGroup>
  <ItemGroup>
    <ClCompile Include="main.cpp">
      <Filter>Source Files</Filter>
    </ClCompile>
    <ClCompile Include="JR_Application.cpp">
      <Filter>Source Files</Filter>
    </ClCompile>
    <ClCompile Include="JR_Input.cpp">
      <Filter>Source Files</Filter>
    </ClCompile>
    <ClCompile Include="JR_WindowAndRenderer.cpp">
      <Filter>Source Files</Filter>
    </ClCompile>
    <ClCompile Include="JR_WindowsManager.cpp">
      <Filter>Source Files\ImGuiWindows</Filter>
    </ClCompile>
    <ClCompile Include="JR_Window.cpp">
      <Filter>Source Files\ImGuiWindows</Filter>
    </ClCompile>
    <ClCompile Include="..\3rd Parties\Others\ImGuiImpl\imgui_impl_opengl3.cpp">
      <Filter>3rd Party\ImGuiImpl</Filter>
    </ClCompile>
    <ClCompile Include="..\3rd Parties\Others\ImGuiImpl\imgui_impl_sdl2.cpp">
      <Filter>3rd Party\ImGuiImpl</Filter>
    </ClCompile>
    <ClCompile Include="RL_FileSystem.cpp">
      <Filter>Source Files</Filter>
    </ClCompile>
    <ClCompile Include="RL_Projects.cpp">
      <Filter>Source Files</Filter>
    </ClCompile>
    <ClCompile Include="..\3rd Parties\Others\ImGuiImpl\imgui_stdlib.cpp">
      <Filter>3rd Party\ImGuiImpl</Filter>
    </ClCompile>
  </ItemGroup>
  <ItemGroup>
    <ClInclude Include="JR_Application.h">
      <Filter>Header Files</Filter>
    </ClInclude>
    <ClInclude Include="JR_Input.h">
      <Filter>Header Files</Filter>
    </ClInclude>
    <ClInclude Include="JR_WindowAndRenderer.h">
      <Filter>Header Files</Filter>
    </ClInclude>
    <ClInclude Include="JR_WindowsManager.h">
      <Filter>Header Files\ImGuiWindows</Filter>
    </ClInclude>
    <ClInclude Include="JR_Window.h">
      <Filter>Header Files\ImGuiWindows</Filter>
    </ClInclude>
    <ClInclude Include="..\3rd Parties\Others\ImGuiImpl\imgui_impl_opengl3.h">
      <Filter>3rd Party\ImGuiImpl</Filter>
    </ClInclude>
    <ClInclude Include="..\3rd Parties\Others\ImGuiImpl\imgui_impl_opengl3_loader.h">
      <Filter>3rd Party\ImGuiImpl</Filter>
    </ClInclude>
    <ClInclude Include="..\3rd Parties\Others\ImGuiImpl\imgui_impl_sdl2.h">
      <Filter>3rd Party\ImGuiImpl</Filter>
    </ClInclude>
    <ClInclude Include="..\3rd Parties\Others\RapidJson\allocators.h">
      <Filter>3rd Party\RapidJson</Filter>
    </ClInclude>
    <ClInclude Include="..\3rd Parties\Others\RapidJson\document.h">
      <Filter>3rd Party\RapidJson</Filter>
    </ClInclude>
    <ClInclude Include="..\3rd Parties\Others\RapidJson\encodedstream.h">
      <Filter>3rd Party\RapidJson</Filter>
    </ClInclude>
    <ClInclude Include="..\3rd Parties\Others\RapidJson\encodings.h">
      <Filter>3rd Party\RapidJson</Filter>
    </ClInclude>
    <ClInclude Include="..\3rd Parties\Others\RapidJson\filereadstream.h">
      <Filter>3rd Party\RapidJson</Filter>
    </ClInclude>
    <ClInclude Include="..\3rd Parties\Others\RapidJson\filewritestream.h">
      <Filter>3rd Party\RapidJson</Filter>
    </ClInclude>
    <ClInclude Include="..\3rd Parties\Others\RapidJson\fwd.h">
      <Filter>3rd Party\RapidJson</Filter>
    </ClInclude>
    <ClInclude Include="..\3rd Parties\Others\RapidJson\istreamwrapper.h">
      <Filter>3rd Party\RapidJson</Filter>
    </ClInclude>
    <ClInclude Include="..\3rd Parties\Others\RapidJson\memorybuffer.h">
      <Filter>3rd Party\RapidJson</Filter>
    </ClInclude>
    <ClInclude Include="..\3rd Parties\Others\RapidJson\memorystream.h">
      <Filter>3rd Party\RapidJson</Filter>
    </ClInclude>
    <ClInclude Include="..\3rd Parties\Others\RapidJson\ostreamwrapper.h">
      <Filter>3rd Party\RapidJson</Filter>
    </ClInclude>
    <ClInclude Include="..\3rd Parties\Others\RapidJson\pointer.h">
      <Filter>3rd Party\RapidJson</Filter>
    </ClInclude>
    <ClInclude Include="..\3rd Parties\Others\RapidJson\prettywriter.h">
      <Filter>3rd Party\RapidJson</Filter>
    </ClInclude>
    <ClInclude Include="..\3rd Parties\Others\RapidJson\rapidjson.h">
      <Filter>3rd Party\RapidJson</Filter>
    </ClInclude>
    <ClInclude Include="..\3rd Parties\Others\RapidJson\reader.h">
      <Filter>3rd Party\RapidJson</Filter>
    </ClInclude>
    <ClInclude Include="..\3rd Parties\Others\RapidJson\schema.h">
      <Filter>3rd Party\RapidJson</Filter>
    </ClInclude>
    <ClInclude Include="..\3rd Parties\Others\RapidJson\stream.h">
      <Filter>3rd Party\RapidJson</Filter>
    </ClInclude>
    <ClInclude Include="..\3rd Parties\Others\RapidJson\stringbuffer.h">
      <Filter>3rd Party\RapidJson</Filter>
    </ClInclude>
    <ClInclude Include="..\3rd Parties\Others\RapidJson\writer.h">
      <Filter>3rd Party\RapidJson</Filter>
    </ClInclude>
    <ClInclude Include="..\3rd Parties\Others\RapidJson\error\en.h">
      <Filter>3rd Party\RapidJson\error</Filter>
    </ClInclude>
    <ClInclude Include="..\3rd Parties\Others\RapidJson\error\error.h">
      <Filter>3rd Party\RapidJson\error</Filter>
    </ClInclude>
    <ClInclude Include="..\3rd Parties\Others\RapidJson\internal\biginteger.h">
      <Filter>3rd Party\RapidJson\internal</Filter>
    </ClInclude>
    <ClInclude Include="..\3rd Parties\Others\RapidJson\internal\diyfp.h">
      <Filter>3rd Party\RapidJson\internal</Filter>
    </ClInclude>
    <ClInclude Include="..\3rd Parties\Others\RapidJson\internal\dtoa.h">
      <Filter>3rd Party\RapidJson\internal</Filter>
    </ClInclude>
    <ClInclude Include="..\3rd Parties\Others\RapidJson\internal\ieee754.h">
      <Filter>3rd Party\RapidJson\internal</Filter>
    </ClInclude>
    <ClInclude Include="..\3rd Parties\Others\RapidJson\internal\itoa.h">
      <Filter>3rd Party\RapidJson\internal</Filter>
    </ClInclude>
    <ClInclude Include="..\3rd Parties\Others\RapidJson\internal\meta.h">
      <Filter>3rd Party\RapidJson\internal</Filter>
    </ClInclude>
    <ClInclude Include="..\3rd Parties\Others\RapidJson\internal\pow10.h">
      <Filter>3rd Party\RapidJson\internal</Filter>
    </ClInclude>
    <ClInclude Include="..\3rd Parties\Others\RapidJson\internal\regex.h">
      <Filter>3rd Party\RapidJson\internal</Filter>
    </ClInclude>
    <ClInclude Include="..\3rd Parties\Others\RapidJson\internal\stack.h">
      <Filter>3rd Party\RapidJson\internal</Filter>
    </ClInclude>
    <ClInclude Include="..\3rd Parties\Others\RapidJson\internal\strfunc.h">
      <Filter>3rd Party\RapidJson\internal</Filter>
    </ClInclude>
    <ClInclude Include="..\3rd Parties\Others\RapidJson\internal\strtod.h">
      <Filter>3rd Party\RapidJson\internal</Filter>
    </ClInclude>
    <ClInclude Include="..\3rd Parties\Others\RapidJson\internal\swap.h">
      <Filter>3rd Party\RapidJson\internal</Filter>
    </ClInclude>
    <ClInclude Include="..\3rd Parties\Others\RapidJson\msinttypes\inttypes.h">
      <Filter>3rd Party\RapidJson\msinttypes</Filter>
    </ClInclude>
    <ClInclude Include="..\3rd Parties\Others\RapidJson\msinttypes\stdint.h">
      <Filter>3rd Party\RapidJson\msinttypes</Filter>
    </ClInclude>
    <ClInclude Include="RL_FileSystem.h">
      <Filter>Header Files</Filter>
    </ClInclude>
    <ClInclude Include="RL_Projects.h">
      <Filter>Header Files</Filter>
    </ClInclude>
    <ClInclude Include="..\3rd Parties\Others\ImGuiImpl\imgui_stdlib.h">
      <Filter>3rd Party\ImGuiImpl</Filter>
    </ClInclude>
  </ItemGroup>
</Project>