
Microsoft Visual Studio Solution File, Format Version 12.00
# Visual Studio Version 17
VisualStudioVersion = 17.0.32112.339
MinimumVisualStudioVersion = 10.0.40219.1
Project("{8BC9CEB8-8B4A-11D0-8D11-00A0C91BC942}") = "Engine", "Engine\Engine.vcxproj", "{13DC399F-3A96-48E0-82B4-94FD73051599}"
	ProjectSection(ProjectDependencies) = postProject
		{981FE726-8519-38E2-B3B5-35ECC8814BBD} = {981FE726-8519-38E2-B3B5-35ECC8814BBD}
		{4D97B454-7F2F-3B41-A692-4916D5785F1A} = {4D97B454-7F2F-3B41-A692-4916D5785F1A}
	EndProjectSection
EndProject
Project("{8BC9CEB8-8B4A-11D0-8D11-00A0C91BC942}") = "MathGeoLib", "3rd Parties\MathGeoLib\MathGeoLib.vcxproj", "{981FE726-8519-38E2-B3B5-35ECC8814BBD}"
EndProject
Project("{8BC9CEB8-8B4A-11D0-8D11-00A0C91BC942}") = "EASTL", "3rd Parties\EASTL\EASTL.vcxproj", "{4D97B454-7F2F-3B41-A692-4916D5785F1A}"
EndProject
Project("{8BC9CEB8-8B4A-11D0-8D11-00A0C91BC942}") = "ImGui", "3rd Parties\ImGui\ImGui.vcxproj", "{5A0CA256-F06B-410F-B9A1-398483CACA11}"
EndProject
Project("{8BC9CEB8-8B4A-11D0-8D11-00A0C91BC942}") = "RedLens", "RedLens\RedLens.vcxproj", "{2A92806F-95C0-43B0-B5F8-4268E224C39B}"
EndProject
Project("{54435603-DBB4-11D2-8724-00A0C9A8B90C}") = "RedEye Installer", "RedEye Installer\RedEye Installer.vdproj", "{91A247AC-6EDB-415F-B356-FF8D5DF94940}"
EndProject
Project("{2150E333-8FDC-42A3-9474-1A3956D46DE8}") = "3rd Parties", "3rd Parties", "{DB824206-D781-40E1-983B-E87D61A124B1}"
EndProject
Project("{2150E333-8FDC-42A3-9474-1A3956D46DE8}") = "SDL2", "SDL2", "{B473BC08-7185-4AAB-9DF5-3D59EE579515}"
EndProject
Project("{8BC9CEB8-8B4A-11D0-8D11-00A0C91BC942}") = "SDL2", "3rd Parties\SDL2\VisualC\SDL\SDL.vcxproj", "{81CE8DAF-EBB2-4761-8E45-B71ABCCA8C68}"
EndProject
Project("{8BC9CEB8-8B4A-11D0-8D11-00A0C91BC942}") = "SDL2main", "3rd Parties\SDL2\VisualC\SDLmain\SDLmain.vcxproj", "{DA956FD3-E142-46F2-9DD5-C78BEBB56B7A}"
EndProject
Project("{8BC9CEB8-8B4A-11D0-8D11-00A0C91BC942}") = "nfd", "3rd Parties\nativefiledialog\build\vs2010\nfd.vcxproj", "{5D94880B-C99D-887C-5219-9F7CBE21947C}"
EndProject
Project("{8BC9CEB8-8B4A-11D0-8D11-00A0C91BC942}") = "physfs", "3rd Parties\physfs\physfs.vcxproj", "{99CF2137-57CE-3092-9964-4E273221E1D6}"
EndProject
Project("{8BC9CEB8-8B4A-11D0-8D11-00A0C91BC942}") = "par_shapes", "3rd Parties\par_shapes\par_shapes.vcxproj", "{FE8C6C63-FC62-4FF5-8F88-5C544570D14F}"
EndProject
Project("{8BC9CEB8-8B4A-11D0-8D11-00A0C91BC942}") = "glew_shared", "3rd Parties\glew\build\vc15\glew_shared.vcxproj", "{55AE3D72-7DE6-F19F-AEF2-9AE8CA26CF3D}"
EndProject
Project("{8BC9CEB8-8B4A-11D0-8D11-00A0C91BC942}") = "zlibstatic", "3rd Parties\assimp\contrib\zlib\zlibstatic.vcxproj", "{B0615DCE-BB25-3B22-A432-AF1A4F14A01A}"
EndProject
Project("{8BC9CEB8-8B4A-11D0-8D11-00A0C91BC942}") = "assimp", "3rd Parties\assimp\code\assimp.vcxproj", "{6D635564-319B-3542-925D-3A5AB974DBCF}"
EndProject
Global
	GlobalSection(SolutionConfigurationPlatforms) = preSolution
		Debug|Win32 = Debug|Win32
		Debug|x64 = Debug|x64
		MinSizeRel|Win32 = MinSizeRel|Win32
		MinSizeRel|x64 = MinSizeRel|x64
		Release|Win32 = Release|Win32
		Release|x64 = Release|x64
		RelWithDebInfo|Win32 = RelWithDebInfo|Win32
		RelWithDebInfo|x64 = RelWithDebInfo|x64
	EndGlobalSection
	GlobalSection(ProjectConfigurationPlatforms) = postSolution
		{13DC399F-3A96-48E0-82B4-94FD73051599}.Debug|Win32.ActiveCfg = Debug|Win32
		{13DC399F-3A96-48E0-82B4-94FD73051599}.Debug|Win32.Build.0 = Debug|Win32
		{13DC399F-3A96-48E0-82B4-94FD73051599}.Debug|x64.ActiveCfg = Debug|x64
		{13DC399F-3A96-48E0-82B4-94FD73051599}.Debug|x64.Build.0 = Debug|x64
		{13DC399F-3A96-48E0-82B4-94FD73051599}.MinSizeRel|Win32.ActiveCfg = Release|Win32
		{13DC399F-3A96-48E0-82B4-94FD73051599}.MinSizeRel|Win32.Build.0 = Release|Win32
		{13DC399F-3A96-48E0-82B4-94FD73051599}.MinSizeRel|x64.ActiveCfg = Release|x64
		{13DC399F-3A96-48E0-82B4-94FD73051599}.MinSizeRel|x64.Build.0 = Release|x64
		{13DC399F-3A96-48E0-82B4-94FD73051599}.Release|Win32.ActiveCfg = Release|Win32
		{13DC399F-3A96-48E0-82B4-94FD73051599}.Release|Win32.Build.0 = Release|Win32
		{13DC399F-3A96-48E0-82B4-94FD73051599}.Release|x64.ActiveCfg = Release|x64
		{13DC399F-3A96-48E0-82B4-94FD73051599}.Release|x64.Build.0 = Release|x64
		{13DC399F-3A96-48E0-82B4-94FD73051599}.RelWithDebInfo|Win32.ActiveCfg = Release|Win32
		{13DC399F-3A96-48E0-82B4-94FD73051599}.RelWithDebInfo|Win32.Build.0 = Release|Win32
		{13DC399F-3A96-48E0-82B4-94FD73051599}.RelWithDebInfo|x64.ActiveCfg = Release|x64
		{13DC399F-3A96-48E0-82B4-94FD73051599}.RelWithDebInfo|x64.Build.0 = Release|x64
		{981FE726-8519-38E2-B3B5-35ECC8814BBD}.Debug|Win32.ActiveCfg = Debug|Win32
		{981FE726-8519-38E2-B3B5-35ECC8814BBD}.Debug|Win32.Build.0 = Debug|Win32
		{981FE726-8519-38E2-B3B5-35ECC8814BBD}.Debug|x64.ActiveCfg = Debug|x64
		{981FE726-8519-38E2-B3B5-35ECC8814BBD}.Debug|x64.Build.0 = Debug|x64
		{981FE726-8519-38E2-B3B5-35ECC8814BBD}.MinSizeRel|Win32.ActiveCfg = MinSizeRel|Win32
		{981FE726-8519-38E2-B3B5-35ECC8814BBD}.MinSizeRel|Win32.Build.0 = MinSizeRel|Win32
		{981FE726-8519-38E2-B3B5-35ECC8814BBD}.MinSizeRel|x64.ActiveCfg = MinSizeRel|x64
		{981FE726-8519-38E2-B3B5-35ECC8814BBD}.MinSizeRel|x64.Build.0 = MinSizeRel|x64
		{981FE726-8519-38E2-B3B5-35ECC8814BBD}.Release|Win32.ActiveCfg = Release|Win32
		{981FE726-8519-38E2-B3B5-35ECC8814BBD}.Release|Win32.Build.0 = Release|Win32
		{981FE726-8519-38E2-B3B5-35ECC8814BBD}.Release|x64.ActiveCfg = Release|x64
		{981FE726-8519-38E2-B3B5-35ECC8814BBD}.Release|x64.Build.0 = Release|x64
		{981FE726-8519-38E2-B3B5-35ECC8814BBD}.RelWithDebInfo|Win32.ActiveCfg = RelWithDebInfo|Win32
		{981FE726-8519-38E2-B3B5-35ECC8814BBD}.RelWithDebInfo|Win32.Build.0 = RelWithDebInfo|Win32
		{981FE726-8519-38E2-B3B5-35ECC8814BBD}.RelWithDebInfo|x64.ActiveCfg = RelWithDebInfo|x64
		{981FE726-8519-38E2-B3B5-35ECC8814BBD}.RelWithDebInfo|x64.Build.0 = RelWithDebInfo|x64
		{4D97B454-7F2F-3B41-A692-4916D5785F1A}.Debug|Win32.ActiveCfg = Debug|Win32
		{4D97B454-7F2F-3B41-A692-4916D5785F1A}.Debug|Win32.Build.0 = Debug|Win32
		{4D97B454-7F2F-3B41-A692-4916D5785F1A}.Debug|x64.ActiveCfg = Debug|x64
		{4D97B454-7F2F-3B41-A692-4916D5785F1A}.Debug|x64.Build.0 = Debug|x64
		{4D97B454-7F2F-3B41-A692-4916D5785F1A}.MinSizeRel|Win32.ActiveCfg = MinSizeRel|Win32
		{4D97B454-7F2F-3B41-A692-4916D5785F1A}.MinSizeRel|Win32.Build.0 = MinSizeRel|Win32
		{4D97B454-7F2F-3B41-A692-4916D5785F1A}.MinSizeRel|x64.ActiveCfg = MinSizeRel|x64
		{4D97B454-7F2F-3B41-A692-4916D5785F1A}.MinSizeRel|x64.Build.0 = MinSizeRel|x64
		{4D97B454-7F2F-3B41-A692-4916D5785F1A}.Release|Win32.ActiveCfg = Release|Win32
		{4D97B454-7F2F-3B41-A692-4916D5785F1A}.Release|Win32.Build.0 = Release|Win32
		{4D97B454-7F2F-3B41-A692-4916D5785F1A}.Release|x64.ActiveCfg = Release|x64
		{4D97B454-7F2F-3B41-A692-4916D5785F1A}.Release|x64.Build.0 = Release|x64
		{4D97B454-7F2F-3B41-A692-4916D5785F1A}.RelWithDebInfo|Win32.ActiveCfg = RelWithDebInfo|Win32
		{4D97B454-7F2F-3B41-A692-4916D5785F1A}.RelWithDebInfo|Win32.Build.0 = RelWithDebInfo|Win32
		{4D97B454-7F2F-3B41-A692-4916D5785F1A}.RelWithDebInfo|x64.ActiveCfg = RelWithDebInfo|x64
		{4D97B454-7F2F-3B41-A692-4916D5785F1A}.RelWithDebInfo|x64.Build.0 = RelWithDebInfo|x64
		{5A0CA256-F06B-410F-B9A1-398483CACA11}.Debug|Win32.ActiveCfg = Debug|Win32
		{5A0CA256-F06B-410F-B9A1-398483CACA11}.Debug|Win32.Build.0 = Debug|Win32
		{5A0CA256-F06B-410F-B9A1-398483CACA11}.Debug|x64.ActiveCfg = Debug|x64
		{5A0CA256-F06B-410F-B9A1-398483CACA11}.Debug|x64.Build.0 = Debug|x64
		{5A0CA256-F06B-410F-B9A1-398483CACA11}.MinSizeRel|Win32.ActiveCfg = Release|Win32
		{5A0CA256-F06B-410F-B9A1-398483CACA11}.MinSizeRel|Win32.Build.0 = Release|Win32
		{5A0CA256-F06B-410F-B9A1-398483CACA11}.MinSizeRel|x64.ActiveCfg = Release|x64
		{5A0CA256-F06B-410F-B9A1-398483CACA11}.MinSizeRel|x64.Build.0 = Release|x64
		{5A0CA256-F06B-410F-B9A1-398483CACA11}.Release|Win32.ActiveCfg = Release|Win32
		{5A0CA256-F06B-410F-B9A1-398483CACA11}.Release|Win32.Build.0 = Release|Win32
		{5A0CA256-F06B-410F-B9A1-398483CACA11}.Release|x64.ActiveCfg = Release|x64
		{5A0CA256-F06B-410F-B9A1-398483CACA11}.Release|x64.Build.0 = Release|x64
		{5A0CA256-F06B-410F-B9A1-398483CACA11}.RelWithDebInfo|Win32.ActiveCfg = Release|Win32
		{5A0CA256-F06B-410F-B9A1-398483CACA11}.RelWithDebInfo|Win32.Build.0 = Release|Win32
		{5A0CA256-F06B-410F-B9A1-398483CACA11}.RelWithDebInfo|x64.ActiveCfg = Release|x64
		{5A0CA256-F06B-410F-B9A1-398483CACA11}.RelWithDebInfo|x64.Build.0 = Release|x64
		{2A92806F-95C0-43B0-B5F8-4268E224C39B}.Debug|Win32.ActiveCfg = Debug|Win32
		{2A92806F-95C0-43B0-B5F8-4268E224C39B}.Debug|Win32.Build.0 = Debug|Win32
		{2A92806F-95C0-43B0-B5F8-4268E224C39B}.Debug|x64.ActiveCfg = Debug|x64
		{2A92806F-95C0-43B0-B5F8-4268E224C39B}.Debug|x64.Build.0 = Debug|x64
		{2A92806F-95C0-43B0-B5F8-4268E224C39B}.MinSizeRel|Win32.ActiveCfg = Release|Win32
		{2A92806F-95C0-43B0-B5F8-4268E224C39B}.MinSizeRel|Win32.Build.0 = Release|Win32
		{2A92806F-95C0-43B0-B5F8-4268E224C39B}.MinSizeRel|x64.ActiveCfg = Release|x64
		{2A92806F-95C0-43B0-B5F8-4268E224C39B}.MinSizeRel|x64.Build.0 = Release|x64
		{2A92806F-95C0-43B0-B5F8-4268E224C39B}.Release|Win32.ActiveCfg = Release|Win32
		{2A92806F-95C0-43B0-B5F8-4268E224C39B}.Release|Win32.Build.0 = Release|Win32
		{2A92806F-95C0-43B0-B5F8-4268E224C39B}.Release|x64.ActiveCfg = Release|x64
		{2A92806F-95C0-43B0-B5F8-4268E224C39B}.Release|x64.Build.0 = Release|x64
		{2A92806F-95C0-43B0-B5F8-4268E224C39B}.RelWithDebInfo|Win32.ActiveCfg = Release|Win32
		{2A92806F-95C0-43B0-B5F8-4268E224C39B}.RelWithDebInfo|Win32.Build.0 = Release|Win32
		{2A92806F-95C0-43B0-B5F8-4268E224C39B}.RelWithDebInfo|x64.ActiveCfg = Release|x64
		{2A92806F-95C0-43B0-B5F8-4268E224C39B}.RelWithDebInfo|x64.Build.0 = Release|x64
		{91A247AC-6EDB-415F-B356-FF8D5DF94940}.Debug|Win32.ActiveCfg = Debug
		{91A247AC-6EDB-415F-B356-FF8D5DF94940}.Debug|x64.ActiveCfg = Debug
		{91A247AC-6EDB-415F-B356-FF8D5DF94940}.MinSizeRel|Win32.ActiveCfg = Release
		{91A247AC-6EDB-415F-B356-FF8D5DF94940}.MinSizeRel|x64.ActiveCfg = Release
		{91A247AC-6EDB-415F-B356-FF8D5DF94940}.Release|Win32.ActiveCfg = Release
		{91A247AC-6EDB-415F-B356-FF8D5DF94940}.Release|Win32.Build.0 = Release
		{91A247AC-6EDB-415F-B356-FF8D5DF94940}.Release|x64.ActiveCfg = Release
		{91A247AC-6EDB-415F-B356-FF8D5DF94940}.RelWithDebInfo|Win32.ActiveCfg = Release
		{91A247AC-6EDB-415F-B356-FF8D5DF94940}.RelWithDebInfo|x64.ActiveCfg = Release
		{81CE8DAF-EBB2-4761-8E45-B71ABCCA8C68}.Debug|Win32.ActiveCfg = Debug|Win32
		{81CE8DAF-EBB2-4761-8E45-B71ABCCA8C68}.Debug|Win32.Build.0 = Debug|Win32
		{81CE8DAF-EBB2-4761-8E45-B71ABCCA8C68}.Debug|x64.ActiveCfg = Debug|x64
		{81CE8DAF-EBB2-4761-8E45-B71ABCCA8C68}.Debug|x64.Build.0 = Debug|x64
		{81CE8DAF-EBB2-4761-8E45-B71ABCCA8C68}.MinSizeRel|Win32.ActiveCfg = Release|Win32
		{81CE8DAF-EBB2-4761-8E45-B71ABCCA8C68}.MinSizeRel|Win32.Build.0 = Release|Win32
		{81CE8DAF-EBB2-4761-8E45-B71ABCCA8C68}.MinSizeRel|x64.ActiveCfg = Release|x64
		{81CE8DAF-EBB2-4761-8E45-B71ABCCA8C68}.MinSizeRel|x64.Build.0 = Release|x64
		{81CE8DAF-EBB2-4761-8E45-B71ABCCA8C68}.Release|Win32.ActiveCfg = Release|Win32
		{81CE8DAF-EBB2-4761-8E45-B71ABCCA8C68}.Release|Win32.Build.0 = Release|Win32
		{81CE8DAF-EBB2-4761-8E45-B71ABCCA8C68}.Release|x64.ActiveCfg = Release|x64
		{81CE8DAF-EBB2-4761-8E45-B71ABCCA8C68}.Release|x64.Build.0 = Release|x64
		{81CE8DAF-EBB2-4761-8E45-B71ABCCA8C68}.RelWithDebInfo|Win32.ActiveCfg = Release|Win32
		{81CE8DAF-EBB2-4761-8E45-B71ABCCA8C68}.RelWithDebInfo|Win32.Build.0 = Release|Win32
		{81CE8DAF-EBB2-4761-8E45-B71ABCCA8C68}.RelWithDebInfo|x64.ActiveCfg = Release|x64
		{81CE8DAF-EBB2-4761-8E45-B71ABCCA8C68}.RelWithDebInfo|x64.Build.0 = Release|x64
		{DA956FD3-E142-46F2-9DD5-C78BEBB56B7A}.Debug|Win32.ActiveCfg = Debug|Win32
		{DA956FD3-E142-46F2-9DD5-C78BEBB56B7A}.Debug|Win32.Build.0 = Debug|Win32
		{DA956FD3-E142-46F2-9DD5-C78BEBB56B7A}.Debug|x64.ActiveCfg = Debug|x64
		{DA956FD3-E142-46F2-9DD5-C78BEBB56B7A}.Debug|x64.Build.0 = Debug|x64
		{DA956FD3-E142-46F2-9DD5-C78BEBB56B7A}.MinSizeRel|Win32.ActiveCfg = Release|Win32
		{DA956FD3-E142-46F2-9DD5-C78BEBB56B7A}.MinSizeRel|Win32.Build.0 = Release|Win32
		{DA956FD3-E142-46F2-9DD5-C78BEBB56B7A}.MinSizeRel|x64.ActiveCfg = Release|x64
		{DA956FD3-E142-46F2-9DD5-C78BEBB56B7A}.MinSizeRel|x64.Build.0 = Release|x64
		{DA956FD3-E142-46F2-9DD5-C78BEBB56B7A}.Release|Win32.ActiveCfg = Release|Win32
		{DA956FD3-E142-46F2-9DD5-C78BEBB56B7A}.Release|Win32.Build.0 = Release|Win32
		{DA956FD3-E142-46F2-9DD5-C78BEBB56B7A}.Release|x64.ActiveCfg = Release|x64
		{DA956FD3-E142-46F2-9DD5-C78BEBB56B7A}.Release|x64.Build.0 = Release|x64
		{DA956FD3-E142-46F2-9DD5-C78BEBB56B7A}.RelWithDebInfo|Win32.ActiveCfg = Release|Win32
		{DA956FD3-E142-46F2-9DD5-C78BEBB56B7A}.RelWithDebInfo|Win32.Build.0 = Release|Win32
		{DA956FD3-E142-46F2-9DD5-C78BEBB56B7A}.RelWithDebInfo|x64.ActiveCfg = Release|x64
		{DA956FD3-E142-46F2-9DD5-C78BEBB56B7A}.RelWithDebInfo|x64.Build.0 = Release|x64
		{5D94880B-C99D-887C-5219-9F7CBE21947C}.Debug|Win32.ActiveCfg = Debug|Win32
		{5D94880B-C99D-887C-5219-9F7CBE21947C}.Debug|Win32.Build.0 = Debug|Win32
		{5D94880B-C99D-887C-5219-9F7CBE21947C}.Debug|x64.ActiveCfg = Debug|x64
		{5D94880B-C99D-887C-5219-9F7CBE21947C}.Debug|x64.Build.0 = Debug|x64
		{5D94880B-C99D-887C-5219-9F7CBE21947C}.MinSizeRel|Win32.ActiveCfg = Release|Win32
		{5D94880B-C99D-887C-5219-9F7CBE21947C}.MinSizeRel|Win32.Build.0 = Release|Win32
		{5D94880B-C99D-887C-5219-9F7CBE21947C}.MinSizeRel|x64.ActiveCfg = Release|x64
		{5D94880B-C99D-887C-5219-9F7CBE21947C}.MinSizeRel|x64.Build.0 = Release|x64
		{5D94880B-C99D-887C-5219-9F7CBE21947C}.Release|Win32.ActiveCfg = Release|Win32
		{5D94880B-C99D-887C-5219-9F7CBE21947C}.Release|Win32.Build.0 = Release|Win32
		{5D94880B-C99D-887C-5219-9F7CBE21947C}.Release|x64.ActiveCfg = Release|x64
		{5D94880B-C99D-887C-5219-9F7CBE21947C}.Release|x64.Build.0 = Release|x64
		{5D94880B-C99D-887C-5219-9F7CBE21947C}.RelWithDebInfo|Win32.ActiveCfg = Release|Win32
		{5D94880B-C99D-887C-5219-9F7CBE21947C}.RelWithDebInfo|Win32.Build.0 = Release|Win32
		{5D94880B-C99D-887C-5219-9F7CBE21947C}.RelWithDebInfo|x64.ActiveCfg = Release|x64
		{5D94880B-C99D-887C-5219-9F7CBE21947C}.RelWithDebInfo|x64.Build.0 = Release|x64
		{99CF2137-57CE-3092-9964-4E273221E1D6}.Debug|Win32.ActiveCfg = Debug|Win32
		{99CF2137-57CE-3092-9964-4E273221E1D6}.Debug|Win32.Build.0 = Debug|Win32
		{99CF2137-57CE-3092-9964-4E273221E1D6}.Debug|x64.ActiveCfg = Debug|x64
		{99CF2137-57CE-3092-9964-4E273221E1D6}.Debug|x64.Build.0 = Debug|x64
		{99CF2137-57CE-3092-9964-4E273221E1D6}.MinSizeRel|Win32.ActiveCfg = MinSizeRel|Win32
		{99CF2137-57CE-3092-9964-4E273221E1D6}.MinSizeRel|Win32.Build.0 = MinSizeRel|Win32
		{99CF2137-57CE-3092-9964-4E273221E1D6}.MinSizeRel|x64.ActiveCfg = MinSizeRel|x64
		{99CF2137-57CE-3092-9964-4E273221E1D6}.MinSizeRel|x64.Build.0 = MinSizeRel|x64
		{99CF2137-57CE-3092-9964-4E273221E1D6}.Release|Win32.ActiveCfg = Release|Win32
		{99CF2137-57CE-3092-9964-4E273221E1D6}.Release|Win32.Build.0 = Release|Win32
		{99CF2137-57CE-3092-9964-4E273221E1D6}.Release|x64.ActiveCfg = Release|x64
		{99CF2137-57CE-3092-9964-4E273221E1D6}.Release|x64.Build.0 = Release|x64
		{99CF2137-57CE-3092-9964-4E273221E1D6}.RelWithDebInfo|Win32.ActiveCfg = RelWithDebInfo|Win32
		{99CF2137-57CE-3092-9964-4E273221E1D6}.RelWithDebInfo|Win32.Build.0 = RelWithDebInfo|Win32
		{99CF2137-57CE-3092-9964-4E273221E1D6}.RelWithDebInfo|x64.ActiveCfg = RelWithDebInfo|x64
		{99CF2137-57CE-3092-9964-4E273221E1D6}.RelWithDebInfo|x64.Build.0 = RelWithDebInfo|x64
		{FE8C6C63-FC62-4FF5-8F88-5C544570D14F}.Debug|Win32.ActiveCfg = Debug|Win32
		{FE8C6C63-FC62-4FF5-8F88-5C544570D14F}.Debug|Win32.Build.0 = Debug|Win32
		{FE8C6C63-FC62-4FF5-8F88-5C544570D14F}.Debug|x64.ActiveCfg = Debug|x64
		{FE8C6C63-FC62-4FF5-8F88-5C544570D14F}.Debug|x64.Build.0 = Debug|x64
		{FE8C6C63-FC62-4FF5-8F88-5C544570D14F}.MinSizeRel|Win32.ActiveCfg = Release|Win32
		{FE8C6C63-FC62-4FF5-8F88-5C544570D14F}.MinSizeRel|Win32.Build.0 = Release|Win32
		{FE8C6C63-FC62-4FF5-8F88-5C544570D14F}.MinSizeRel|x64.ActiveCfg = Release|x64
		{FE8C6C63-FC62-4FF5-8F88-5C544570D14F}.MinSizeRel|x64.Build.0 = Release|x64
		{FE8C6C63-FC62-4FF5-8F88-5C544570D14F}.Release|Win32.ActiveCfg = Release|Win32
		{FE8C6C63-FC62-4FF5-8F88-5C544570D14F}.Release|Win32.Build.0 = Release|Win32
		{FE8C6C63-FC62-4FF5-8F88-5C544570D14F}.Release|x64.ActiveCfg = Release|x64
		{FE8C6C63-FC62-4FF5-8F88-5C544570D14F}.Release|x64.Build.0 = Release|x64
		{FE8C6C63-FC62-4FF5-8F88-5C544570D14F}.RelWithDebInfo|Win32.ActiveCfg = Release|Win32
		{FE8C6C63-FC62-4FF5-8F88-5C544570D14F}.RelWithDebInfo|Win32.Build.0 = Release|Win32
		{FE8C6C63-FC62-4FF5-8F88-5C544570D14F}.RelWithDebInfo|x64.ActiveCfg = Release|x64
		{FE8C6C63-FC62-4FF5-8F88-5C544570D14F}.RelWithDebInfo|x64.Build.0 = Release|x64
		{55AE3D72-7DE6-F19F-AEF2-9AE8CA26CF3D}.Debug|Win32.ActiveCfg = Debug|Win32
		{55AE3D72-7DE6-F19F-AEF2-9AE8CA26CF3D}.Debug|Win32.Build.0 = Debug|Win32
		{55AE3D72-7DE6-F19F-AEF2-9AE8CA26CF3D}.Debug|x64.ActiveCfg = Debug|x64
		{55AE3D72-7DE6-F19F-AEF2-9AE8CA26CF3D}.Debug|x64.Build.0 = Debug|x64
		{55AE3D72-7DE6-F19F-AEF2-9AE8CA26CF3D}.MinSizeRel|Win32.ActiveCfg = Release|Win32
		{55AE3D72-7DE6-F19F-AEF2-9AE8CA26CF3D}.MinSizeRel|Win32.Build.0 = Release|Win32
		{55AE3D72-7DE6-F19F-AEF2-9AE8CA26CF3D}.MinSizeRel|x64.ActiveCfg = Release|x64
		{55AE3D72-7DE6-F19F-AEF2-9AE8CA26CF3D}.MinSizeRel|x64.Build.0 = Release|x64
		{55AE3D72-7DE6-F19F-AEF2-9AE8CA26CF3D}.Release|Win32.ActiveCfg = Release|Win32
		{55AE3D72-7DE6-F19F-AEF2-9AE8CA26CF3D}.Release|Win32.Build.0 = Release|Win32
		{55AE3D72-7DE6-F19F-AEF2-9AE8CA26CF3D}.Release|x64.ActiveCfg = Release|x64
		{55AE3D72-7DE6-F19F-AEF2-9AE8CA26CF3D}.Release|x64.Build.0 = Release|x64
		{55AE3D72-7DE6-F19F-AEF2-9AE8CA26CF3D}.RelWithDebInfo|Win32.ActiveCfg = Release|Win32
		{55AE3D72-7DE6-F19F-AEF2-9AE8CA26CF3D}.RelWithDebInfo|Win32.Build.0 = Release|Win32
		{55AE3D72-7DE6-F19F-AEF2-9AE8CA26CF3D}.RelWithDebInfo|x64.ActiveCfg = Release|x64
		{55AE3D72-7DE6-F19F-AEF2-9AE8CA26CF3D}.RelWithDebInfo|x64.Build.0 = Release|x64
		{B0615DCE-BB25-3B22-A432-AF1A4F14A01A}.Debug|Win32.ActiveCfg = Debug|Win32
		{B0615DCE-BB25-3B22-A432-AF1A4F14A01A}.Debug|Win32.Build.0 = Debug|Win32
		{B0615DCE-BB25-3B22-A432-AF1A4F14A01A}.Debug|x64.ActiveCfg = Debug|x64
		{B0615DCE-BB25-3B22-A432-AF1A4F14A01A}.Debug|x64.Build.0 = Debug|x64
		{B0615DCE-BB25-3B22-A432-AF1A4F14A01A}.MinSizeRel|Win32.ActiveCfg = MinSizeRel|Win32
		{B0615DCE-BB25-3B22-A432-AF1A4F14A01A}.MinSizeRel|Win32.Build.0 = MinSizeRel|Win32
		{B0615DCE-BB25-3B22-A432-AF1A4F14A01A}.MinSizeRel|x64.ActiveCfg = MinSizeRel|x64
		{B0615DCE-BB25-3B22-A432-AF1A4F14A01A}.MinSizeRel|x64.Build.0 = MinSizeRel|x64
		{B0615DCE-BB25-3B22-A432-AF1A4F14A01A}.Release|Win32.ActiveCfg = Release|Win32
		{B0615DCE-BB25-3B22-A432-AF1A4F14A01A}.Release|Win32.Build.0 = Release|Win32
		{B0615DCE-BB25-3B22-A432-AF1A4F14A01A}.Release|x64.ActiveCfg = Release|x64
		{B0615DCE-BB25-3B22-A432-AF1A4F14A01A}.Release|x64.Build.0 = Release|x64
		{B0615DCE-BB25-3B22-A432-AF1A4F14A01A}.RelWithDebInfo|Win32.ActiveCfg = RelWithDebInfo|Win32
		{B0615DCE-BB25-3B22-A432-AF1A4F14A01A}.RelWithDebInfo|Win32.Build.0 = RelWithDebInfo|Win32
		{B0615DCE-BB25-3B22-A432-AF1A4F14A01A}.RelWithDebInfo|x64.ActiveCfg = RelWithDebInfo|x64
		{B0615DCE-BB25-3B22-A432-AF1A4F14A01A}.RelWithDebInfo|x64.Build.0 = RelWithDebInfo|x64
		{6D635564-319B-3542-925D-3A5AB974DBCF}.Debug|Win32.ActiveCfg = Debug|Win32
		{6D635564-319B-3542-925D-3A5AB974DBCF}.Debug|Win32.Build.0 = Debug|Win32
		{6D635564-319B-3542-925D-3A5AB974DBCF}.Debug|x64.ActiveCfg = Debug|x64
		{6D635564-319B-3542-925D-3A5AB974DBCF}.Debug|x64.Build.0 = Debug|x64
		{6D635564-319B-3542-925D-3A5AB974DBCF}.MinSizeRel|Win32.ActiveCfg = MinSizeRel|Win32
		{6D635564-319B-3542-925D-3A5AB974DBCF}.MinSizeRel|Win32.Build.0 = MinSizeRel|Win32
		{6D635564-319B-3542-925D-3A5AB974DBCF}.MinSizeRel|x64.ActiveCfg = MinSizeRel|x64
		{6D635564-319B-3542-925D-3A5AB974DBCF}.MinSizeRel|x64.Build.0 = MinSizeRel|x64
		{6D635564-319B-3542-925D-3A5AB974DBCF}.Release|Win32.ActiveCfg = Release|Win32
		{6D635564-319B-3542-925D-3A5AB974DBCF}.Release|Win32.Build.0 = Release|Win32
		{6D635564-319B-3542-925D-3A5AB974DBCF}.Release|x64.ActiveCfg = Release|x64
		{6D635564-319B-3542-925D-3A5AB974DBCF}.Release|x64.Build.0 = Release|x64
		{6D635564-319B-3542-925D-3A5AB974DBCF}.RelWithDebInfo|Win32.ActiveCfg = RelWithDebInfo|Win32
		{6D635564-319B-3542-925D-3A5AB974DBCF}.RelWithDebInfo|Win32.Build.0 = RelWithDebInfo|Win32
		{6D635564-319B-3542-925D-3A5AB974DBCF}.RelWithDebInfo|x64.ActiveCfg = RelWithDebInfo|x64
		{6D635564-319B-3542-925D-3A5AB974DBCF}.RelWithDebInfo|x64.Build.0 = RelWithDebInfo|x64
	EndGlobalSection
	GlobalSection(SolutionProperties) = preSolution
		HideSolutionNode = FALSE
	EndGlobalSection
	GlobalSection(NestedProjects) = preSolution
		{981FE726-8519-38E2-B3B5-35ECC8814BBD} = {DB824206-D781-40E1-983B-E87D61A124B1}
		{4D97B454-7F2F-3B41-A692-4916D5785F1A} = {DB824206-D781-40E1-983B-E87D61A124B1}
		{5A0CA256-F06B-410F-B9A1-398483CACA11} = {DB824206-D781-40E1-983B-E87D61A124B1}
		{B473BC08-7185-4AAB-9DF5-3D59EE579515} = {DB824206-D781-40E1-983B-E87D61A124B1}
		{81CE8DAF-EBB2-4761-8E45-B71ABCCA8C68} = {B473BC08-7185-4AAB-9DF5-3D59EE579515}
		{DA956FD3-E142-46F2-9DD5-C78BEBB56B7A} = {B473BC08-7185-4AAB-9DF5-3D59EE579515}
		{5D94880B-C99D-887C-5219-9F7CBE21947C} = {DB824206-D781-40E1-983B-E87D61A124B1}
		{99CF2137-57CE-3092-9964-4E273221E1D6} = {DB824206-D781-40E1-983B-E87D61A124B1}
		{FE8C6C63-FC62-4FF5-8F88-5C544570D14F} = {DB824206-D781-40E1-983B-E87D61A124B1}
		{55AE3D72-7DE6-F19F-AEF2-9AE8CA26CF3D} = {DB824206-D781-40E1-983B-E87D61A124B1}
		{B0615DCE-BB25-3B22-A432-AF1A4F14A01A} = {DB824206-D781-40E1-983B-E87D61A124B1}
		{6D635564-319B-3542-925D-3A5AB974DBCF} = {DB824206-D781-40E1-983B-E87D61A124B1}
	EndGlobalSection
	GlobalSection(ExtensibilityGlobals) = postSolution
		SolutionGuid = {3A54F663-D814-4613-9F50-E1009C95D3EF}
	EndGlobalSection
EndGlobal
