
Microsoft Visual Studio Solution File, Format Version 12.00
# Visual Studio Version 16
VisualStudioVersion = 16.0.30621.155
MinimumVisualStudioVersion = 10.0.40219.1
Project("{8BC9CEB8-8B4A-11D0-8D11-00A0C91BC942}") = "RedEye", "Source\RedEye.vcxproj", "{13DC399F-3A96-48E0-82B4-94FD73051599}"
	ProjectSection(ProjectDependencies) = postProject
		{981FE726-8519-38E2-B3B5-35ECC8814BBD} = {981FE726-8519-38E2-B3B5-35ECC8814BBD}
		{4D97B454-7F2F-3B41-A692-4916D5785F1A} = {4D97B454-7F2F-3B41-A692-4916D5785F1A}
	EndProjectSection
EndProject
Project("{8BC9CEB8-8B4A-11D0-8D11-00A0C91BC942}") = "MathGeoLib", "3rd Parties\MathGeoLib\MathGeoLib.vcxproj", "{981FE726-8519-38E2-B3B5-35ECC8814BBD}"
EndProject
Project("{8BC9CEB8-8B4A-11D0-8D11-00A0C91BC942}") = "EASTL", "3rd Parties\EASTL\EASTL.vcxproj", "{4D97B454-7F2F-3B41-A692-4916D5785F1A}"
EndProject
Project("{8BC9CEB8-8B4A-11D0-8D11-00A0C91BC942}") = "ImGui", "3rd Parties\ImGui\ImGui.vcxproj", "{5A0CA256-F06B-410F-B9A1-398483CACA11}"
EndProject
Global
	GlobalSection(SolutionConfigurationPlatforms) = preSolution
		Debug|Win32 = Debug|Win32
		MinSizeRel|Win32 = MinSizeRel|Win32
		Release|Win32 = Release|Win32
		RelWithDebInfo|Win32 = RelWithDebInfo|Win32
	EndGlobalSection
	GlobalSection(ProjectConfigurationPlatforms) = postSolution
		{13DC399F-3A96-48E0-82B4-94FD73051599}.Debug|Win32.ActiveCfg = Debug|Win32
		{13DC399F-3A96-48E0-82B4-94FD73051599}.Debug|Win32.Build.0 = Debug|Win32
		{13DC399F-3A96-48E0-82B4-94FD73051599}.MinSizeRel|Win32.ActiveCfg = Release|Win32
		{13DC399F-3A96-48E0-82B4-94FD73051599}.MinSizeRel|Win32.Build.0 = Release|Win32
		{13DC399F-3A96-48E0-82B4-94FD73051599}.Release|Win32.ActiveCfg = Release|Win32
		{13DC399F-3A96-48E0-82B4-94FD73051599}.Release|Win32.Build.0 = Release|Win32
		{13DC399F-3A96-48E0-82B4-94FD73051599}.RelWithDebInfo|Win32.ActiveCfg = Release|Win32
		{13DC399F-3A96-48E0-82B4-94FD73051599}.RelWithDebInfo|Win32.Build.0 = Release|Win32
		{981FE726-8519-38E2-B3B5-35ECC8814BBD}.Debug|Win32.ActiveCfg = Debug|Win32
		{981FE726-8519-38E2-B3B5-35ECC8814BBD}.Debug|Win32.Build.0 = Debug|Win32
		{981FE726-8519-38E2-B3B5-35ECC8814BBD}.MinSizeRel|Win32.ActiveCfg = MinSizeRel|Win32
		{981FE726-8519-38E2-B3B5-35ECC8814BBD}.MinSizeRel|Win32.Build.0 = MinSizeRel|Win32
		{981FE726-8519-38E2-B3B5-35ECC8814BBD}.Release|Win32.ActiveCfg = Release|Win32
		{981FE726-8519-38E2-B3B5-35ECC8814BBD}.Release|Win32.Build.0 = Release|Win32
		{981FE726-8519-38E2-B3B5-35ECC8814BBD}.RelWithDebInfo|Win32.ActiveCfg = RelWithDebInfo|Win32
		{981FE726-8519-38E2-B3B5-35ECC8814BBD}.RelWithDebInfo|Win32.Build.0 = RelWithDebInfo|Win32
		{4D97B454-7F2F-3B41-A692-4916D5785F1A}.Debug|Win32.ActiveCfg = Debug|Win32
		{4D97B454-7F2F-3B41-A692-4916D5785F1A}.Debug|Win32.Build.0 = Debug|Win32
		{4D97B454-7F2F-3B41-A692-4916D5785F1A}.MinSizeRel|Win32.ActiveCfg = MinSizeRel|Win32
		{4D97B454-7F2F-3B41-A692-4916D5785F1A}.MinSizeRel|Win32.Build.0 = MinSizeRel|Win32
		{4D97B454-7F2F-3B41-A692-4916D5785F1A}.Release|Win32.ActiveCfg = Release|Win32
		{4D97B454-7F2F-3B41-A692-4916D5785F1A}.Release|Win32.Build.0 = Release|Win32
		{4D97B454-7F2F-3B41-A692-4916D5785F1A}.RelWithDebInfo|Win32.ActiveCfg = RelWithDebInfo|Win32
		{4D97B454-7F2F-3B41-A692-4916D5785F1A}.RelWithDebInfo|Win32.Build.0 = RelWithDebInfo|Win32
		{5A0CA256-F06B-410F-B9A1-398483CACA11}.Debug|Win32.ActiveCfg = Debug|Win32
		{5A0CA256-F06B-410F-B9A1-398483CACA11}.Debug|Win32.Build.0 = Debug|Win32
		{5A0CA256-F06B-410F-B9A1-398483CACA11}.MinSizeRel|Win32.ActiveCfg = Debug|Win32
		{5A0CA256-F06B-410F-B9A1-398483CACA11}.MinSizeRel|Win32.Build.0 = Debug|Win32
		{5A0CA256-F06B-410F-B9A1-398483CACA11}.Release|Win32.ActiveCfg = Release|Win32
		{5A0CA256-F06B-410F-B9A1-398483CACA11}.Release|Win32.Build.0 = Release|Win32
		{5A0CA256-F06B-410F-B9A1-398483CACA11}.RelWithDebInfo|Win32.ActiveCfg = Release|Win32
		{5A0CA256-F06B-410F-B9A1-398483CACA11}.RelWithDebInfo|Win32.Build.0 = Release|Win32
	EndGlobalSection
	GlobalSection(SolutionProperties) = preSolution
		HideSolutionNode = FALSE
	EndGlobalSection
	GlobalSection(ExtensibilityGlobals) = postSolution
		SolutionGuid = {3A54F663-D814-4613-9F50-E1009C95D3EF}
	EndGlobalSection
EndGlobal
