
Microsoft Visual Studio Solution File, Format Version 12.00
# Visual Studio 15
VisualStudioVersion = 15.0.26730.16
MinimumVisualStudioVersion = 10.0.40219.1
Project("{8BC9CEB8-8B4A-11D0-8D11-00A0C91BC942}") = "RedEye", "Source\RedEye.vcxproj", "{13DC399F-3A96-48E0-82B4-94FD73051599}"
EndProject
Global
	GlobalSection(SolutionConfigurationPlatforms) = preSolution
		Debug|x64 = Debug|x64
		Debug|x86 = Debug|x86
		Release|x64 = Release|x64
		Release|x86 = Release|x86
	EndGlobalSection
	GlobalSection(ProjectConfigurationPlatforms) = postSolution
		{13DC399F-3A96-48E0-82B4-94FD73051599}.Debug|x64.ActiveCfg = Debug|x64
		{13DC399F-3A96-48E0-82B4-94FD73051599}.Debug|x64.Build.0 = Debug|x64
		{13DC399F-3A96-48E0-82B4-94FD73051599}.Debug|x86.ActiveCfg = Debug|Win32
		{13DC399F-3A96-48E0-82B4-94FD73051599}.Debug|x86.Build.0 = Debug|Win32
		{13DC399F-3A96-48E0-82B4-94FD73051599}.Release|x64.ActiveCfg = Release|x64
		{13DC399F-3A96-48E0-82B4-94FD73051599}.Release|x64.Build.0 = Release|x64
		{13DC399F-3A96-48E0-82B4-94FD73051599}.Release|x86.ActiveCfg = Release|Win32
		{13DC399F-3A96-48E0-82B4-94FD73051599}.Release|x86.Build.0 = Release|Win32
	EndGlobalSection
	GlobalSection(SolutionProperties) = preSolution
		HideSolutionNode = FALSE
	EndGlobalSection
	GlobalSection(ExtensibilityGlobals) = postSolution
		SolutionGuid = {3A54F663-D814-4613-9F50-E1009C95D3EF}
	EndGlobalSection
EndGlobal
