<?xml version="1.0" encoding="utf-8"?>
<Project ToolsVersion="4.0" xmlns="http://schemas.microsoft.com/developer/msbuild/2003">
  <ItemGroup>
    <ClCompile Include="ModuleWindow.cpp">
      <Filter>Source\Application\Modules</Filter>
    </ClCompile>
    <ClCompile Include="ModuleInput.cpp">
      <Filter>Source\Application\Modules</Filter>
    </ClCompile>
    <ClCompile Include="Event.cpp">
      <Filter>Source\Events System</Filter>
    </ClCompile>
    <ClCompile Include="gpudetect\DeviceId.cpp">
      <Filter>3rd Party\gpudetect</Filter>
    </ClCompile>
    <ClCompile Include="ImGui\imgui.cpp">
      <Filter>3rd Party\ImGui</Filter>
    </ClCompile>
    <ClCompile Include="ImGui\imgui_demo.cpp">
      <Filter>3rd Party\ImGui</Filter>
    </ClCompile>
    <ClCompile Include="ImGui\imgui_draw.cpp">
      <Filter>3rd Party\ImGui</Filter>
    </ClCompile>
    <ClCompile Include="ImGuizmo\ImGuizmo.cpp">
      <Filter>3rd Party\ImGuizmo</Filter>
    </ClCompile>
    <ClCompile Include="ModuleScene.cpp">
      <Filter>Source\Application\Modules</Filter>
    </ClCompile>
    <ClCompile Include="RE_CompMesh.cpp">
      <Filter>Source\Entity Component System\Components</Filter>
    </ClCompile>
    <ClCompile Include="QuadTree.cpp">
      <Filter>Source\Utility\Space Partition</Filter>
    </ClCompile>
    <ClCompile Include="RE_CompTransform.cpp">
      <Filter>Source\Entity Component System\Components</Filter>
    </ClCompile>
    <ClCompile Include="ImGui\imgui_impl_opengl3.cpp">
      <Filter>3rd Party\ImGui</Filter>
    </ClCompile>
    <ClCompile Include="ImGui\imgui_impl_sdl.cpp">
      <Filter>3rd Party\ImGui</Filter>
    </ClCompile>
    <ClCompile Include="ImGui\imgui_widgets.cpp">
      <Filter>3rd Party\ImGui</Filter>
    </ClCompile>
    <ClCompile Include="Particle.cpp">
      <Filter>Source\Entity Component System\Components\Particles</Filter>
    </ClCompile>
    <ClCompile Include="RE_CompParticleEmiter.cpp">
      <Filter>Source\Entity Component System\Components\Particles</Filter>
    </ClCompile>
    <ClCompile Include="Resource.cpp">
      <Filter>Source\Resources</Filter>
    </ClCompile>
    <ClCompile Include="ImGui\misc\cpp\imgui_stdlib.cpp">
      <Filter>3rd Party\ImGui</Filter>
    </ClCompile>
    <ClCompile Include="ImGuiColorTextEdit\TextEditor.cpp">
      <Filter>3rd Party\ImGui</Filter>
    </ClCompile>
    <ClCompile Include="EditorWindows.cpp">
      <Filter>Source\Application\Modules\Editor\Editor Windows</Filter>
    </ClCompile>
    <ClCompile Include="ResourceEditorsWindows.cpp">
      <Filter>Source\Application\Modules\Editor\Editor Windows</Filter>
    </ClCompile>
    <ClCompile Include="EA\EAStdC\EACallback.cpp">
      <Filter>3rd Party\EA\StdC</Filter>
    </ClCompile>
    <ClCompile Include="EA\EAStdC\EACType.cpp">
      <Filter>3rd Party\EA\StdC</Filter>
    </ClCompile>
    <ClCompile Include="EA\EAStdC\EADateTime.cpp">
      <Filter>3rd Party\EA\StdC</Filter>
    </ClCompile>
    <ClCompile Include="EA\EAStdC\EAFixedPoint.cpp">
      <Filter>3rd Party\EA\StdC</Filter>
    </ClCompile>
    <ClCompile Include="EA\EAStdC\EAGlobal.cpp">
      <Filter>3rd Party\EA\StdC</Filter>
    </ClCompile>
    <ClCompile Include="EA\EAStdC\EAHashCRC.cpp">
      <Filter>3rd Party\EA\StdC</Filter>
    </ClCompile>
    <ClCompile Include="EA\EAStdC\EAHashString.cpp">
      <Filter>3rd Party\EA\StdC</Filter>
    </ClCompile>
    <ClCompile Include="EA\EAStdC\EAMemory.cpp">
      <Filter>3rd Party\EA\StdC</Filter>
    </ClCompile>
    <ClCompile Include="EA\EAStdC\EAProcess.cpp">
      <Filter>3rd Party\EA\StdC</Filter>
    </ClCompile>
    <ClCompile Include="EA\EAStdC\EARandom.cpp">
      <Filter>3rd Party\EA\StdC</Filter>
    </ClCompile>
    <ClCompile Include="EA\EAStdC\EAScanf.cpp">
      <Filter>3rd Party\EA\StdC</Filter>
    </ClCompile>
    <ClCompile Include="EA\EAStdC\EAScanfCore.cpp">
      <Filter>3rd Party\EA\StdC</Filter>
    </ClCompile>
    <ClCompile Include="EA\EAStdC\EASprintf.cpp">
      <Filter>3rd Party\EA\StdC</Filter>
    </ClCompile>
    <ClCompile Include="EA\EAStdC\EASprintfCore.cpp">
      <Filter>3rd Party\EA\StdC</Filter>
    </ClCompile>
    <ClCompile Include="EA\EAStdC\EASprintfOrdered.cpp">
      <Filter>3rd Party\EA\StdC</Filter>
    </ClCompile>
    <ClCompile Include="EA\EAStdC\EAStdC.cpp">
      <Filter>3rd Party\EA\StdC</Filter>
    </ClCompile>
    <ClCompile Include="EA\EAStdC\EAStopwatch.cpp">
      <Filter>3rd Party\EA\StdC</Filter>
    </ClCompile>
    <ClCompile Include="EA\EAStdC\EAString.cpp">
      <Filter>3rd Party\EA\StdC</Filter>
    </ClCompile>
    <ClCompile Include="EA\EAStdC\EATextUtil.cpp">
      <Filter>3rd Party\EA\StdC</Filter>
    </ClCompile>
    <ClCompile Include="EA\EAStdC\Int128_t.cpp">
      <Filter>3rd Party\EA\StdC</Filter>
    </ClCompile>
    <ClCompile Include="EA\EAAssert\eaassert.cpp">
      <Filter>3rd Party\EA\Assert</Filter>
    </ClCompile>
    <ClCompile Include="EA\eathread\eathread.cpp">
      <Filter>3rd Party\EA\thread</Filter>
    </ClCompile>
    <ClCompile Include="EA\eathread\eathread_barrier.cpp">
      <Filter>3rd Party\EA\thread</Filter>
    </ClCompile>
    <ClCompile Include="EA\eathread\eathread_callstack.cpp">
      <Filter>3rd Party\EA\thread</Filter>
    </ClCompile>
    <ClCompile Include="EA\eathread\eathread_condition.cpp">
      <Filter>3rd Party\EA\thread</Filter>
    </ClCompile>
    <ClCompile Include="EA\eathread\eathread_futex.cpp">
      <Filter>3rd Party\EA\thread</Filter>
    </ClCompile>
    <ClCompile Include="EA\eathread\eathread_mutex.cpp">
      <Filter>3rd Party\EA\thread</Filter>
    </ClCompile>
    <ClCompile Include="EA\eathread\eathread_pool.cpp">
      <Filter>3rd Party\EA\thread</Filter>
    </ClCompile>
    <ClCompile Include="EA\eathread\eathread_rwmutex.cpp">
      <Filter>3rd Party\EA\thread</Filter>
    </ClCompile>
    <ClCompile Include="EA\eathread\eathread_rwmutex_ip.cpp">
      <Filter>3rd Party\EA\thread</Filter>
    </ClCompile>
    <ClCompile Include="EA\eathread\eathread_semaphore.cpp">
      <Filter>3rd Party\EA\thread</Filter>
    </ClCompile>
    <ClCompile Include="EA\eathread\eathread_storage.cpp">
      <Filter>3rd Party\EA\thread</Filter>
    </ClCompile>
    <ClCompile Include="EA\eathread\eathread_thread.cpp">
      <Filter>3rd Party\EA\thread</Filter>
    </ClCompile>
    <ClCompile Include="EA\eathread\version.cpp">
      <Filter>3rd Party\EA\thread</Filter>
    </ClCompile>
    <ClCompile Include="RE_Command.cpp">
      <Filter>Source\Application\Modules\Editor\Commands</Filter>
    </ClCompile>
    <ClCompile Include="RE_CommandManager.cpp">
      <Filter>Source\Application\Modules\Editor\Commands</Filter>
    </ClCompile>
    <ClCompile Include="RE_CompLight.cpp">
      <Filter>Source\Entity Component System\Components</Filter>
    </ClCompile>
    <ClCompile Include="ModuleAudio.cpp">
      <Filter>Source\Application\Modules</Filter>
    </ClCompile>
    <ClCompile Include="RE_CompWater.cpp">
      <Filter>Source\Entity Component System\Components</Filter>
    </ClCompile>
    <ClCompile Include="md5.cpp">
      <Filter>3rd Party\MD5</Filter>
    </ClCompile>
    <ClCompile Include="main.cpp">
      <Filter>Source</Filter>
    </ClCompile>
    <ClCompile Include="Application.cpp">
      <Filter>Source\Application</Filter>
    </ClCompile>
    <ClCompile Include="RE_Math.cpp">
      <Filter>Source\Utility</Filter>
    </ClCompile>
    <ClCompile Include="RE_Time.cpp">
      <Filter>Source\Utility</Filter>
    </ClCompile>
    <ClCompile Include="RE_ConsoleLog.cpp">
      <Filter>Source\Utility</Filter>
    </ClCompile>
    <ClCompile Include="RE_Hardware.cpp">
      <Filter>Source\Utility</Filter>
    </ClCompile>
    <ClCompile Include="RE_FileSystem.cpp">
      <Filter>Source\FileSystem</Filter>
    </ClCompile>
    <ClCompile Include="RE_AABBDynTree.cpp">
      <Filter>Source\Utility\Space Partition</Filter>
    </ClCompile>
    <ClCompile Include="Globals.cpp">
      <Filter>Source\Utility</Filter>
    </ClCompile>
    <ClCompile Include="RE_Cvar.cpp">
      <Filter>Source\Events System</Filter>
    </ClCompile>
    <ClCompile Include="RE_TextureImporter.cpp">
      <Filter>Source\Resources\Textures</Filter>
    </ClCompile>
    <ClCompile Include="RE_Texture.cpp">
      <Filter>Source\Resources\Textures</Filter>
    </ClCompile>
    <ClCompile Include="RE_SkyBox.cpp">
      <Filter>Source\Resources\Skybox</Filter>
    </ClCompile>
    <ClCompile Include="RE_SkyboxImporter.cpp">
      <Filter>Source\Resources\Skybox</Filter>
    </ClCompile>
    <ClCompile Include="RE_ShaderImporter.cpp">
      <Filter>Source\Resources\Shaders</Filter>
    </ClCompile>
    <ClCompile Include="RE_Shader.cpp">
      <Filter>Source\Resources\Shaders</Filter>
    </ClCompile>
    <ClCompile Include="RE_ModelImporter.cpp">
      <Filter>Source\Resources\Model</Filter>
    </ClCompile>
    <ClCompile Include="RE_Model.cpp">
      <Filter>Source\Resources\Model</Filter>
    </ClCompile>
    <ClCompile Include="RE_ECS_Importer.cpp">
      <Filter>Source\Entity Component System</Filter>
    </ClCompile>
    <ClCompile Include="RE_ComponentsPool.cpp">
      <Filter>Source\Entity Component System\Hash System</Filter>
    </ClCompile>
    <ClCompile Include="RE_GameObjectPool.cpp">
      <Filter>Source\Entity Component System\Hash System</Filter>
    </ClCompile>
    <ClCompile Include="RE_ECS_Pool.cpp">
      <Filter>Source\Entity Component System\Hash System</Filter>
    </ClCompile>
    <ClCompile Include="RE_GameObject.cpp">
      <Filter>Source\Entity Component System</Filter>
    </ClCompile>
    <ClCompile Include="RE_CameraManager.cpp">
      <Filter>Source\Entity Component System\Components\Camera</Filter>
    </ClCompile>
    <ClCompile Include="RE_CompCamera.cpp">
      <Filter>Source\Entity Component System\Components\Camera</Filter>
    </ClCompile>
    <ClCompile Include="RE_PrimitiveManager.cpp">
      <Filter>Source\Entity Component System\Components\Primitives</Filter>
    </ClCompile>
    <ClCompile Include="RE_CompPrimitive.cpp">
      <Filter>Source\Entity Component System\Components\Primitives</Filter>
    </ClCompile>
    <ClCompile Include="RE_Component.cpp">
      <Filter>Source\Entity Component System\Components</Filter>
    </ClCompile>
    <ClCompile Include="RE_ThumbnailManager.cpp">
      <Filter>Source\FileSystem</Filter>
    </ClCompile>
    <ClCompile Include="RE_Config.cpp">
      <Filter>Source\FileSystem\File Container</Filter>
    </ClCompile>
    <ClCompile Include="RE_FileBuffer.cpp">
      <Filter>Source\FileSystem\File Container</Filter>
    </ClCompile>
    <ClCompile Include="RE_Json.cpp">
      <Filter>Source\FileSystem\File Container</Filter>
    </ClCompile>
    <ClCompile Include="RE_Mesh.cpp">
      <Filter>Source\Resources\Model</Filter>
    </ClCompile>
    <ClCompile Include="RE_Material.cpp">
      <Filter>Source\Resources\Model</Filter>
    </ClCompile>
    <ClCompile Include="ModuleEditor.cpp">
      <Filter>Source\Application\Modules\Editor</Filter>
    </ClCompile>
    <ClCompile Include="ModuleRenderer3D.cpp">
      <Filter>Source\Application\Modules\Renderer</Filter>
    </ClCompile>
    <ClCompile Include="RE_FBOManager.cpp">
      <Filter>Source\Application\Modules\Renderer</Filter>
    </ClCompile>
    <ClCompile Include="RE_GLCacheManager.cpp">
      <Filter>Source\Application\Modules\Renderer</Filter>
    </ClCompile>
    <ClCompile Include="RE_ResourceManager.cpp">
      <Filter>Source\Resources</Filter>
    </ClCompile>
    <ClCompile Include="RE_Prefab.cpp">
      <Filter>Source\Resources\ECS</Filter>
    </ClCompile>
    <ClCompile Include="RE_Scene.cpp">
      <Filter>Source\Resources\ECS</Filter>
    </ClCompile>
    <ClCompile Include="RE_InternalResources.cpp">
      <Filter>Source\Resources</Filter>
    </ClCompile>
  </ItemGroup>
  <ItemGroup>
    <ClInclude Include="Module.h">
      <Filter>Source\Application\Modules</Filter>
    </ClInclude>
    <ClInclude Include="ModuleWindow.h">
      <Filter>Source\Application\Modules</Filter>
    </ClInclude>
    <ClInclude Include="ModuleInput.h">
      <Filter>Source\Application\Modules</Filter>
    </ClInclude>
    <ClInclude Include="Event.h">
      <Filter>Source\Events System</Filter>
    </ClInclude>
    <ClInclude Include="EventListener.h">
      <Filter>Source\Events System</Filter>
    </ClInclude>
    <ClInclude Include="PhysFS\include\physfs.h">
      <Filter>3rd Party\PhysFS</Filter>
    </ClInclude>
    <ClInclude Include="PhysFS\include\physfs_internal.h">
      <Filter>3rd Party\PhysFS</Filter>
    </ClInclude>
    <ClInclude Include="RapidJson\include\rapidjson.h">
      <Filter>3rd Party\RapidJson</Filter>
    </ClInclude>
    <ClInclude Include="RapidJson\include\allocators.h">
      <Filter>3rd Party\RapidJson</Filter>
    </ClInclude>
    <ClInclude Include="RapidJson\include\document.h">
      <Filter>3rd Party\RapidJson</Filter>
    </ClInclude>
    <ClInclude Include="RapidJson\include\encodedstream.h">
      <Filter>3rd Party\RapidJson</Filter>
    </ClInclude>
    <ClInclude Include="RapidJson\include\encodings.h">
      <Filter>3rd Party\RapidJson</Filter>
    </ClInclude>
    <ClInclude Include="RapidJson\include\filereadstream.h">
      <Filter>3rd Party\RapidJson</Filter>
    </ClInclude>
    <ClInclude Include="RapidJson\include\filewritestream.h">
      <Filter>3rd Party\RapidJson</Filter>
    </ClInclude>
    <ClInclude Include="RapidJson\include\fwd.h">
      <Filter>3rd Party\RapidJson</Filter>
    </ClInclude>
    <ClInclude Include="RapidJson\include\istreamwrapper.h">
      <Filter>3rd Party\RapidJson</Filter>
    </ClInclude>
    <ClInclude Include="RapidJson\include\memorybuffer.h">
      <Filter>3rd Party\RapidJson</Filter>
    </ClInclude>
    <ClInclude Include="RapidJson\include\memorystream.h">
      <Filter>3rd Party\RapidJson</Filter>
    </ClInclude>
    <ClInclude Include="RapidJson\include\ostreamwrapper.h">
      <Filter>3rd Party\RapidJson</Filter>
    </ClInclude>
    <ClInclude Include="RapidJson\include\pointer.h">
      <Filter>3rd Party\RapidJson</Filter>
    </ClInclude>
    <ClInclude Include="RapidJson\include\prettywriter.h">
      <Filter>3rd Party\RapidJson</Filter>
    </ClInclude>
    <ClInclude Include="RapidJson\include\reader.h">
      <Filter>3rd Party\RapidJson</Filter>
    </ClInclude>
    <ClInclude Include="RapidJson\include\schema.h">
      <Filter>3rd Party\RapidJson</Filter>
    </ClInclude>
    <ClInclude Include="RapidJson\include\stream.h">
      <Filter>3rd Party\RapidJson</Filter>
    </ClInclude>
    <ClInclude Include="RapidJson\include\stringbuffer.h">
      <Filter>3rd Party\RapidJson</Filter>
    </ClInclude>
    <ClInclude Include="RapidJson\include\writer.h">
      <Filter>3rd Party\RapidJson</Filter>
    </ClInclude>
    <ClInclude Include="RapidJson\include\error\en.h">
      <Filter>3rd Party\RapidJson\error</Filter>
    </ClInclude>
    <ClInclude Include="RapidJson\include\error\error.h">
      <Filter>3rd Party\RapidJson\error</Filter>
    </ClInclude>
    <ClInclude Include="RapidJson\include\internal\biginteger.h">
      <Filter>3rd Party\RapidJson\internal</Filter>
    </ClInclude>
    <ClInclude Include="RapidJson\include\internal\diyfp.h">
      <Filter>3rd Party\RapidJson\internal</Filter>
    </ClInclude>
    <ClInclude Include="RapidJson\include\internal\dtoa.h">
      <Filter>3rd Party\RapidJson\internal</Filter>
    </ClInclude>
    <ClInclude Include="RapidJson\include\internal\ieee754.h">
      <Filter>3rd Party\RapidJson\internal</Filter>
    </ClInclude>
    <ClInclude Include="RapidJson\include\internal\itoa.h">
      <Filter>3rd Party\RapidJson\internal</Filter>
    </ClInclude>
    <ClInclude Include="RapidJson\include\internal\meta.h">
      <Filter>3rd Party\RapidJson\internal</Filter>
    </ClInclude>
    <ClInclude Include="RapidJson\include\internal\pow10.h">
      <Filter>3rd Party\RapidJson\internal</Filter>
    </ClInclude>
    <ClInclude Include="RapidJson\include\internal\regex.h">
      <Filter>3rd Party\RapidJson\internal</Filter>
    </ClInclude>
    <ClInclude Include="RapidJson\include\internal\stack.h">
      <Filter>3rd Party\RapidJson\internal</Filter>
    </ClInclude>
    <ClInclude Include="RapidJson\include\internal\strfunc.h">
      <Filter>3rd Party\RapidJson\internal</Filter>
    </ClInclude>
    <ClInclude Include="RapidJson\include\internal\strtod.h">
      <Filter>3rd Party\RapidJson\internal</Filter>
    </ClInclude>
    <ClInclude Include="RapidJson\include\internal\swap.h">
      <Filter>3rd Party\RapidJson\internal</Filter>
    </ClInclude>
    <ClInclude Include="RapidJson\include\msinttypes\inttypes.h">
      <Filter>3rd Party\RapidJson\msinttypes</Filter>
    </ClInclude>
    <ClInclude Include="RapidJson\include\msinttypes\stdint.h">
      <Filter>3rd Party\RapidJson\msinttypes</Filter>
    </ClInclude>
    <ClInclude Include="gpudetect\DeviceId.h">
      <Filter>3rd Party\gpudetect</Filter>
    </ClInclude>
    <ClInclude Include="gpudetect\dxgi1_4.h">
      <Filter>3rd Party\gpudetect</Filter>
    </ClInclude>
    <ClInclude Include="ImGui\imconfig.h">
      <Filter>3rd Party\ImGui</Filter>
    </ClInclude>
    <ClInclude Include="ImGui\imgui.h">
      <Filter>3rd Party\ImGui</Filter>
    </ClInclude>
    <ClInclude Include="ImGui\imgui_internal.h">
      <Filter>3rd Party\ImGui</Filter>
    </ClInclude>
    <ClInclude Include="ImGui\stb_rect_pack.h">
      <Filter>3rd Party\ImGui</Filter>
    </ClInclude>
    <ClInclude Include="ImGui\stb_textedit.h">
      <Filter>3rd Party\ImGui</Filter>
    </ClInclude>
    <ClInclude Include="ImGui\stb_truetype.h">
      <Filter>3rd Party\ImGui</Filter>
    </ClInclude>
    <ClInclude Include="ImGuizmo\ImGuizmo.h">
      <Filter>3rd Party\ImGuizmo</Filter>
    </ClInclude>
    <ClInclude Include="MathGeoLib\include\MathBuildConfig.h">
      <Filter>3rd Party\MathGeoLib</Filter>
    </ClInclude>
    <ClInclude Include="MathGeoLib\include\MathGeoLib.h">
      <Filter>3rd Party\MathGeoLib</Filter>
    </ClInclude>
    <ClInclude Include="MathGeoLib\include\MathGeoLibFwd.h">
      <Filter>3rd Party\MathGeoLib</Filter>
    </ClInclude>
    <ClInclude Include="ModuleScene.h">
      <Filter>Source\Application\Modules</Filter>
    </ClInclude>
    <ClInclude Include="RE_CompMesh.h">
      <Filter>Source\Entity Component System\Components</Filter>
    </ClInclude>
    <ClInclude Include="RE_CompTransform.h">
      <Filter>Source\Entity Component System\Components</Filter>
    </ClInclude>
    <ClInclude Include="ImGui\imgui_impl_opengl3.h">
      <Filter>3rd Party\ImGui</Filter>
    </ClInclude>
    <ClInclude Include="ImGui\imgui_impl_sdl.h">
      <Filter>3rd Party\ImGui</Filter>
    </ClInclude>
    <ClInclude Include="ImGui\imstb_rectpack.h">
      <Filter>3rd Party\ImGui</Filter>
    </ClInclude>
    <ClInclude Include="ImGui\imstb_textedit.h">
      <Filter>3rd Party\ImGui</Filter>
    </ClInclude>
    <ClInclude Include="ImGui\imstb_truetype.h">
      <Filter>3rd Party\ImGui</Filter>
    </ClInclude>
    <ClInclude Include="Optick\include\optick.config.h">
      <Filter>3rd Party\Optick</Filter>
    </ClInclude>
    <ClInclude Include="Optick\include\optick.h">
      <Filter>3rd Party\Optick</Filter>
    </ClInclude>
    <ClInclude Include="Particle.h">
      <Filter>Source\Entity Component System\Components\Particles</Filter>
    </ClInclude>
    <ClInclude Include="RE_CompParticleEmiter.h">
      <Filter>Source\Entity Component System\Components\Particles</Filter>
    </ClInclude>
    <ClInclude Include="par_shapes.h">
      <Filter>3rd Party\PAR Shapes</Filter>
    </ClInclude>
    <ClInclude Include="Resource.h">
      <Filter>Source\Resources</Filter>
    </ClInclude>
    <ClInclude Include="ImGui\misc\cpp\imgui_stdlib.h">
      <Filter>3rd Party\ImGui</Filter>
    </ClInclude>
    <ClInclude Include="ImGuiColorTextEdit\TextEditor.h">
      <Filter>3rd Party\ImGui</Filter>
    </ClInclude>
    <ClInclude Include="EditorWindows.h">
      <Filter>Source\Application\Modules\Editor\Editor Windows</Filter>
    </ClInclude>
    <ClInclude Include="QuadTree.h">
      <Filter>Source\Utility\Space Partition</Filter>
    </ClInclude>
    <ClInclude Include="EA\EABase\config\eacompiler.h">
      <Filter>3rd Party\EA\Base\config</Filter>
    </ClInclude>
    <ClInclude Include="EA\EABase\config\eacompilertraits.h">
      <Filter>3rd Party\EA\Base\config</Filter>
    </ClInclude>
    <ClInclude Include="EA\EABase\config\eaplatform.h">
      <Filter>3rd Party\EA\Base\config</Filter>
    </ClInclude>
    <ClInclude Include="EA\EABase\eabase.h">
      <Filter>3rd Party\EA\Base</Filter>
    </ClInclude>
    <ClInclude Include="EA\EABase\eahave.h">
      <Filter>3rd Party\EA\Base</Filter>
    </ClInclude>
    <ClInclude Include="EA\EABase\earesult.h">
      <Filter>3rd Party\EA\Base</Filter>
    </ClInclude>
    <ClInclude Include="EA\EABase\eastdarg.h">
      <Filter>3rd Party\EA\Base</Filter>
    </ClInclude>
    <ClInclude Include="EA\EABase\eaunits.h">
      <Filter>3rd Party\EA\Base</Filter>
    </ClInclude>
    <ClInclude Include="EA\EABase\int128.h">
      <Filter>3rd Party\EA\Base</Filter>
    </ClInclude>
    <ClInclude Include="EA\EABase\nullptr.h">
      <Filter>3rd Party\EA\Base</Filter>
    </ClInclude>
    <ClInclude Include="EA\EABase\version.h">
      <Filter>3rd Party\EA\Base</Filter>
    </ClInclude>
    <ClInclude Include="EA\EASTL\algorithm.h">
      <Filter>3rd Party\EA\STL</Filter>
    </ClInclude>
    <ClInclude Include="EA\EASTL\allocator.h">
      <Filter>3rd Party\EA\STL</Filter>
    </ClInclude>
    <ClInclude Include="EA\EASTL\allocator_malloc.h">
      <Filter>3rd Party\EA\STL</Filter>
    </ClInclude>
    <ClInclude Include="EA\EASTL\any.h">
      <Filter>3rd Party\EA\STL</Filter>
    </ClInclude>
    <ClInclude Include="EA\EASTL\array.h">
      <Filter>3rd Party\EA\STL</Filter>
    </ClInclude>
    <ClInclude Include="EA\EASTL\bitset.h">
      <Filter>3rd Party\EA\STL</Filter>
    </ClInclude>
    <ClInclude Include="EA\EASTL\bitvector.h">
      <Filter>3rd Party\EA\STL</Filter>
    </ClInclude>
    <ClInclude Include="EA\EASTL\chrono.h">
      <Filter>3rd Party\EA\STL</Filter>
    </ClInclude>
    <ClInclude Include="EA\EASTL\core_allocator.h">
      <Filter>3rd Party\EA\STL</Filter>
    </ClInclude>
    <ClInclude Include="EA\EASTL\core_allocator_adapter.h">
      <Filter>3rd Party\EA\STL</Filter>
    </ClInclude>
    <ClInclude Include="EA\EASTL\deque.h">
      <Filter>3rd Party\EA\STL</Filter>
    </ClInclude>
    <ClInclude Include="EA\EASTL\finally.h">
      <Filter>3rd Party\EA\STL</Filter>
    </ClInclude>
    <ClInclude Include="EA\EASTL\fixed_allocator.h">
      <Filter>3rd Party\EA\STL</Filter>
    </ClInclude>
    <ClInclude Include="EA\EASTL\fixed_function.h">
      <Filter>3rd Party\EA\STL</Filter>
    </ClInclude>
    <ClInclude Include="EA\EASTL\fixed_hash_map.h">
      <Filter>3rd Party\EA\STL</Filter>
    </ClInclude>
    <ClInclude Include="EA\EASTL\fixed_hash_set.h">
      <Filter>3rd Party\EA\STL</Filter>
    </ClInclude>
    <ClInclude Include="EA\EASTL\fixed_list.h">
      <Filter>3rd Party\EA\STL</Filter>
    </ClInclude>
    <ClInclude Include="EA\EASTL\fixed_map.h">
      <Filter>3rd Party\EA\STL</Filter>
    </ClInclude>
    <ClInclude Include="EA\EASTL\fixed_set.h">
      <Filter>3rd Party\EA\STL</Filter>
    </ClInclude>
    <ClInclude Include="EA\EASTL\fixed_slist.h">
      <Filter>3rd Party\EA\STL</Filter>
    </ClInclude>
    <ClInclude Include="EA\EASTL\fixed_string.h">
      <Filter>3rd Party\EA\STL</Filter>
    </ClInclude>
    <ClInclude Include="EA\EASTL\fixed_substring.h">
      <Filter>3rd Party\EA\STL</Filter>
    </ClInclude>
    <ClInclude Include="EA\EASTL\fixed_vector.h">
      <Filter>3rd Party\EA\STL</Filter>
    </ClInclude>
    <ClInclude Include="EA\EASTL\functional.h">
      <Filter>3rd Party\EA\STL</Filter>
    </ClInclude>
    <ClInclude Include="EA\EASTL\hash_map.h">
      <Filter>3rd Party\EA\STL</Filter>
    </ClInclude>
    <ClInclude Include="EA\EASTL\hash_set.h">
      <Filter>3rd Party\EA\STL</Filter>
    </ClInclude>
    <ClInclude Include="EA\EASTL\heap.h">
      <Filter>3rd Party\EA\STL</Filter>
    </ClInclude>
    <ClInclude Include="EA\EASTL\initializer_list.h">
      <Filter>3rd Party\EA\STL</Filter>
    </ClInclude>
    <ClInclude Include="EA\EASTL\intrusive_hash_map.h">
      <Filter>3rd Party\EA\STL</Filter>
    </ClInclude>
    <ClInclude Include="EA\EASTL\intrusive_hash_set.h">
      <Filter>3rd Party\EA\STL</Filter>
    </ClInclude>
    <ClInclude Include="EA\EASTL\intrusive_list.h">
      <Filter>3rd Party\EA\STL</Filter>
    </ClInclude>
    <ClInclude Include="EA\EASTL\intrusive_ptr.h">
      <Filter>3rd Party\EA\STL</Filter>
    </ClInclude>
    <ClInclude Include="EA\EASTL\iterator.h">
      <Filter>3rd Party\EA\STL</Filter>
    </ClInclude>
    <ClInclude Include="EA\EASTL\linked_array.h">
      <Filter>3rd Party\EA\STL</Filter>
    </ClInclude>
    <ClInclude Include="EA\EASTL\linked_ptr.h">
      <Filter>3rd Party\EA\STL</Filter>
    </ClInclude>
    <ClInclude Include="EA\EASTL\list.h">
      <Filter>3rd Party\EA\STL</Filter>
    </ClInclude>
    <ClInclude Include="EA\EASTL\map.h">
      <Filter>3rd Party\EA\STL</Filter>
    </ClInclude>
    <ClInclude Include="EA\EASTL\memory.h">
      <Filter>3rd Party\EA\STL</Filter>
    </ClInclude>
    <ClInclude Include="EA\EASTL\meta.h">
      <Filter>3rd Party\EA\STL</Filter>
    </ClInclude>
    <ClInclude Include="EA\EASTL\numeric.h">
      <Filter>3rd Party\EA\STL</Filter>
    </ClInclude>
    <ClInclude Include="EA\EASTL\numeric_limits.h">
      <Filter>3rd Party\EA\STL</Filter>
    </ClInclude>
    <ClInclude Include="EA\EASTL\optional.h">
      <Filter>3rd Party\EA\STL</Filter>
    </ClInclude>
    <ClInclude Include="EA\EASTL\priority_queue.h">
      <Filter>3rd Party\EA\STL</Filter>
    </ClInclude>
    <ClInclude Include="EA\EASTL\queue.h">
      <Filter>3rd Party\EA\STL</Filter>
    </ClInclude>
    <ClInclude Include="EA\EASTL\random.h">
      <Filter>3rd Party\EA\STL</Filter>
    </ClInclude>
    <ClInclude Include="EA\EASTL\ratio.h">
      <Filter>3rd Party\EA\STL</Filter>
    </ClInclude>
    <ClInclude Include="EA\EASTL\safe_ptr.h">
      <Filter>3rd Party\EA\STL</Filter>
    </ClInclude>
    <ClInclude Include="EA\EASTL\scoped_array.h">
      <Filter>3rd Party\EA\STL</Filter>
    </ClInclude>
    <ClInclude Include="EA\EASTL\scoped_ptr.h">
      <Filter>3rd Party\EA\STL</Filter>
    </ClInclude>
    <ClInclude Include="EA\EASTL\segmented_vector.h">
      <Filter>3rd Party\EA\STL</Filter>
    </ClInclude>
    <ClInclude Include="EA\EASTL\set.h">
      <Filter>3rd Party\EA\STL</Filter>
    </ClInclude>
    <ClInclude Include="EA\EASTL\shared_array.h">
      <Filter>3rd Party\EA\STL</Filter>
    </ClInclude>
    <ClInclude Include="EA\EASTL\shared_ptr.h">
      <Filter>3rd Party\EA\STL</Filter>
    </ClInclude>
    <ClInclude Include="EA\EASTL\slist.h">
      <Filter>3rd Party\EA\STL</Filter>
    </ClInclude>
    <ClInclude Include="EA\EASTL\sort.h">
      <Filter>3rd Party\EA\STL</Filter>
    </ClInclude>
    <ClInclude Include="EA\EASTL\span.h">
      <Filter>3rd Party\EA\STL</Filter>
    </ClInclude>
    <ClInclude Include="EA\EASTL\stack.h">
      <Filter>3rd Party\EA\STL</Filter>
    </ClInclude>
    <ClInclude Include="EA\EASTL\string.h">
      <Filter>3rd Party\EA\STL</Filter>
    </ClInclude>
    <ClInclude Include="EA\EASTL\string_hash_map.h">
      <Filter>3rd Party\EA\STL</Filter>
    </ClInclude>
    <ClInclude Include="EA\EASTL\string_map.h">
      <Filter>3rd Party\EA\STL</Filter>
    </ClInclude>
    <ClInclude Include="EA\EASTL\string_view.h">
      <Filter>3rd Party\EA\STL</Filter>
    </ClInclude>
    <ClInclude Include="EA\EASTL\tuple.h">
      <Filter>3rd Party\EA\STL</Filter>
    </ClInclude>
    <ClInclude Include="EA\EASTL\type_traits.h">
      <Filter>3rd Party\EA\STL</Filter>
    </ClInclude>
    <ClInclude Include="EA\EASTL\unique_ptr.h">
      <Filter>3rd Party\EA\STL</Filter>
    </ClInclude>
    <ClInclude Include="EA\EASTL\unordered_map.h">
      <Filter>3rd Party\EA\STL</Filter>
    </ClInclude>
    <ClInclude Include="EA\EASTL\unordered_set.h">
      <Filter>3rd Party\EA\STL</Filter>
    </ClInclude>
    <ClInclude Include="EA\EASTL\utility.h">
      <Filter>3rd Party\EA\STL</Filter>
    </ClInclude>
    <ClInclude Include="EA\EASTL\variant.h">
      <Filter>3rd Party\EA\STL</Filter>
    </ClInclude>
    <ClInclude Include="EA\EASTL\vector.h">
      <Filter>3rd Party\EA\STL</Filter>
    </ClInclude>
    <ClInclude Include="EA\EASTL\vector_map.h">
      <Filter>3rd Party\EA\STL</Filter>
    </ClInclude>
    <ClInclude Include="EA\EASTL\vector_multimap.h">
      <Filter>3rd Party\EA\STL</Filter>
    </ClInclude>
    <ClInclude Include="EA\EASTL\vector_multiset.h">
      <Filter>3rd Party\EA\STL</Filter>
    </ClInclude>
    <ClInclude Include="EA\EASTL\vector_set.h">
      <Filter>3rd Party\EA\STL</Filter>
    </ClInclude>
    <ClInclude Include="EA\EASTL\version.h">
      <Filter>3rd Party\EA\STL</Filter>
    </ClInclude>
    <ClInclude Include="EA\EASTL\weak_ptr.h">
      <Filter>3rd Party\EA\STL</Filter>
    </ClInclude>
    <ClInclude Include="EA\EASTL\bonus\adaptors.h">
      <Filter>3rd Party\EA\STL\Bonus</Filter>
    </ClInclude>
    <ClInclude Include="EA\EASTL\bonus\call_traits.h">
      <Filter>3rd Party\EA\STL\Bonus</Filter>
    </ClInclude>
    <ClInclude Include="EA\EASTL\bonus\compressed_pair.h">
      <Filter>3rd Party\EA\STL\Bonus</Filter>
    </ClInclude>
    <ClInclude Include="EA\EASTL\bonus\fixed_ring_buffer.h">
      <Filter>3rd Party\EA\STL\Bonus</Filter>
    </ClInclude>
    <ClInclude Include="EA\EASTL\bonus\fixed_tuple_vector.h">
      <Filter>3rd Party\EA\STL\Bonus</Filter>
    </ClInclude>
    <ClInclude Include="EA\EASTL\bonus\intrusive_sdlist.h">
      <Filter>3rd Party\EA\STL\Bonus</Filter>
    </ClInclude>
    <ClInclude Include="EA\EASTL\bonus\intrusive_slist.h">
      <Filter>3rd Party\EA\STL\Bonus</Filter>
    </ClInclude>
    <ClInclude Include="EA\EASTL\bonus\list_map.h">
      <Filter>3rd Party\EA\STL\Bonus</Filter>
    </ClInclude>
    <ClInclude Include="EA\EASTL\bonus\lru_cache.h">
      <Filter>3rd Party\EA\STL\Bonus</Filter>
    </ClInclude>
    <ClInclude Include="EA\EASTL\bonus\ring_buffer.h">
      <Filter>3rd Party\EA\STL\Bonus</Filter>
    </ClInclude>
    <ClInclude Include="EA\EASTL\bonus\sort_extra.h">
      <Filter>3rd Party\EA\STL\Bonus</Filter>
    </ClInclude>
    <ClInclude Include="EA\EASTL\bonus\sparse_matrix.h">
      <Filter>3rd Party\EA\STL\Bonus</Filter>
    </ClInclude>
    <ClInclude Include="EA\EASTL\bonus\tuple_vector.h">
      <Filter>3rd Party\EA\STL\Bonus</Filter>
    </ClInclude>
    <ClInclude Include="EA\EASTL\internal\allocator_traits.h">
      <Filter>3rd Party\EA\STL\internal</Filter>
    </ClInclude>
    <ClInclude Include="EA\EASTL\internal\allocator_traits_fwd_decls.h">
      <Filter>3rd Party\EA\STL\internal</Filter>
    </ClInclude>
    <ClInclude Include="EA\EASTL\internal\char_traits.h">
      <Filter>3rd Party\EA\STL\internal</Filter>
    </ClInclude>
    <ClInclude Include="EA\EASTL\internal\config.h">
      <Filter>3rd Party\EA\STL\internal</Filter>
    </ClInclude>
    <ClInclude Include="EA\EASTL\internal\copy_help.h">
      <Filter>3rd Party\EA\STL\internal</Filter>
    </ClInclude>
    <ClInclude Include="EA\EASTL\internal\enable_shared.h">
      <Filter>3rd Party\EA\STL\internal</Filter>
    </ClInclude>
    <ClInclude Include="EA\EASTL\internal\fill_help.h">
      <Filter>3rd Party\EA\STL\internal</Filter>
    </ClInclude>
    <ClInclude Include="EA\EASTL\internal\fixed_pool.h">
      <Filter>3rd Party\EA\STL\internal</Filter>
    </ClInclude>
    <ClInclude Include="EA\EASTL\internal\function.h">
      <Filter>3rd Party\EA\STL\internal</Filter>
    </ClInclude>
    <ClInclude Include="EA\EASTL\internal\function_detail.h">
      <Filter>3rd Party\EA\STL\internal</Filter>
    </ClInclude>
    <ClInclude Include="EA\EASTL\internal\function_help.h">
      <Filter>3rd Party\EA\STL\internal</Filter>
    </ClInclude>
    <ClInclude Include="EA\EASTL\internal\functional_base.h">
      <Filter>3rd Party\EA\STL\internal</Filter>
    </ClInclude>
    <ClInclude Include="EA\EASTL\internal\generic_iterator.h">
      <Filter>3rd Party\EA\STL\internal</Filter>
    </ClInclude>
    <ClInclude Include="EA\EASTL\internal\hashtable.h">
      <Filter>3rd Party\EA\STL\internal</Filter>
    </ClInclude>
    <ClInclude Include="EA\EASTL\internal\in_place_t.h">
      <Filter>3rd Party\EA\STL\internal</Filter>
    </ClInclude>
    <ClInclude Include="EA\EASTL\internal\integer_sequence.h">
      <Filter>3rd Party\EA\STL\internal</Filter>
    </ClInclude>
    <ClInclude Include="EA\EASTL\internal\intrusive_hashtable.h">
      <Filter>3rd Party\EA\STL\internal</Filter>
    </ClInclude>
    <ClInclude Include="EA\EASTL\internal\mem_fn.h">
      <Filter>3rd Party\EA\STL\internal</Filter>
    </ClInclude>
    <ClInclude Include="EA\EASTL\internal\memory_base.h">
      <Filter>3rd Party\EA\STL\internal</Filter>
    </ClInclude>
    <ClInclude Include="EA\EASTL\internal\move_help.h">
      <Filter>3rd Party\EA\STL\internal</Filter>
    </ClInclude>
    <ClInclude Include="EA\EASTL\internal\pair_fwd_decls.h">
      <Filter>3rd Party\EA\STL\internal</Filter>
    </ClInclude>
    <ClInclude Include="EA\EASTL\internal\piecewise_construct_t.h">
      <Filter>3rd Party\EA\STL\internal</Filter>
    </ClInclude>
    <ClInclude Include="EA\EASTL\internal\red_black_tree.h">
      <Filter>3rd Party\EA\STL\internal</Filter>
    </ClInclude>
    <ClInclude Include="EA\EASTL\internal\smart_ptr.h">
      <Filter>3rd Party\EA\STL\internal</Filter>
    </ClInclude>
    <ClInclude Include="EA\EASTL\internal\thread_support.h">
      <Filter>3rd Party\EA\STL\internal</Filter>
    </ClInclude>
    <ClInclude Include="EA\EASTL\internal\tuple_fwd_decls.h">
      <Filter>3rd Party\EA\STL\internal</Filter>
    </ClInclude>
    <ClInclude Include="EA\EASTL\internal\type_compound.h">
      <Filter>3rd Party\EA\STL\internal</Filter>
    </ClInclude>
    <ClInclude Include="EA\EASTL\internal\type_fundamental.h">
      <Filter>3rd Party\EA\STL\internal</Filter>
    </ClInclude>
    <ClInclude Include="EA\EASTL\internal\type_pod.h">
      <Filter>3rd Party\EA\STL\internal</Filter>
    </ClInclude>
    <ClInclude Include="EA\EASTL\internal\type_properties.h">
      <Filter>3rd Party\EA\STL\internal</Filter>
    </ClInclude>
    <ClInclude Include="EA\EASTL\internal\type_transformations.h">
      <Filter>3rd Party\EA\STL\internal</Filter>
    </ClInclude>
    <ClInclude Include="EA\EAAssert\eaassert.h">
      <Filter>3rd Party\EA\Assert</Filter>
    </ClInclude>
    <ClInclude Include="EA\EAAssert\version.h">
      <Filter>3rd Party\EA\Assert</Filter>
    </ClInclude>
    <ClInclude Include="EA\EAStdC\EAAlignment.h">
      <Filter>3rd Party\EA\StdC</Filter>
    </ClInclude>
    <ClInclude Include="EA\EAStdC\EABitTricks.h">
      <Filter>3rd Party\EA\StdC</Filter>
    </ClInclude>
    <ClInclude Include="EA\EAStdC\EAByteCrackers.h">
      <Filter>3rd Party\EA\StdC</Filter>
    </ClInclude>
    <ClInclude Include="EA\EAStdC\EACallback.h">
      <Filter>3rd Party\EA\StdC</Filter>
    </ClInclude>
    <ClInclude Include="EA\EAStdC\EACType.h">
      <Filter>3rd Party\EA\StdC</Filter>
    </ClInclude>
    <ClInclude Include="EA\EAStdC\EADateTime.h">
      <Filter>3rd Party\EA\StdC</Filter>
    </ClInclude>
    <ClInclude Include="EA\EAStdC\EAEndian.h">
      <Filter>3rd Party\EA\StdC</Filter>
    </ClInclude>
    <ClInclude Include="EA\EAStdC\EAFixedPoint.h">
      <Filter>3rd Party\EA\StdC</Filter>
    </ClInclude>
    <ClInclude Include="EA\EAStdC\EAGlobal.h">
      <Filter>3rd Party\EA\StdC</Filter>
    </ClInclude>
    <ClInclude Include="EA\EAStdC\EAHashCRC.h">
      <Filter>3rd Party\EA\StdC</Filter>
    </ClInclude>
    <ClInclude Include="EA\EAStdC\EAHashString.h">
      <Filter>3rd Party\EA\StdC</Filter>
    </ClInclude>
    <ClInclude Include="EA\EAStdC\EAMathHelp.h">
      <Filter>3rd Party\EA\StdC</Filter>
    </ClInclude>
    <ClInclude Include="EA\EAStdC\EAMemory.h">
      <Filter>3rd Party\EA\StdC</Filter>
    </ClInclude>
    <ClInclude Include="EA\EAStdC\EAProcess.h">
      <Filter>3rd Party\EA\StdC</Filter>
    </ClInclude>
    <ClInclude Include="EA\EAStdC\EARandom.h">
      <Filter>3rd Party\EA\StdC</Filter>
    </ClInclude>
    <ClInclude Include="EA\EAStdC\EARandomDistribution.h">
      <Filter>3rd Party\EA\StdC</Filter>
    </ClInclude>
    <ClInclude Include="EA\EAStdC\EAScanf.h">
      <Filter>3rd Party\EA\StdC</Filter>
    </ClInclude>
    <ClInclude Include="EA\EAStdC\EASingleton.h">
      <Filter>3rd Party\EA\StdC</Filter>
    </ClInclude>
    <ClInclude Include="EA\EAStdC\EASprintf.h">
      <Filter>3rd Party\EA\StdC</Filter>
    </ClInclude>
    <ClInclude Include="EA\EAStdC\EASprintfOrdered.h">
      <Filter>3rd Party\EA\StdC</Filter>
    </ClInclude>
    <ClInclude Include="EA\EAStdC\EAStdC.h">
      <Filter>3rd Party\EA\StdC</Filter>
    </ClInclude>
    <ClInclude Include="EA\EAStdC\EAStopwatch.h">
      <Filter>3rd Party\EA\StdC</Filter>
    </ClInclude>
    <ClInclude Include="EA\EAStdC\EAString.h">
      <Filter>3rd Party\EA\StdC</Filter>
    </ClInclude>
    <ClInclude Include="EA\EAStdC\EATextUtil.h">
      <Filter>3rd Party\EA\StdC</Filter>
    </ClInclude>
    <ClInclude Include="EA\EAStdC\Int128_t.h">
      <Filter>3rd Party\EA\StdC</Filter>
    </ClInclude>
    <ClInclude Include="EA\EAStdC\version.h">
      <Filter>3rd Party\EA\StdC</Filter>
    </ClInclude>
    <ClInclude Include="EA\EAStdC\internal\Config.h">
      <Filter>3rd Party\EA\StdC\internal</Filter>
    </ClInclude>
    <ClInclude Include="EA\EAStdC\internal\IntrusiveList.h">
      <Filter>3rd Party\EA\StdC\internal</Filter>
    </ClInclude>
    <ClInclude Include="EA\EAStdC\internal\ScanfCore.h">
      <Filter>3rd Party\EA\StdC\internal</Filter>
    </ClInclude>
    <ClInclude Include="EA\EAStdC\internal\SprintfCore.h">
      <Filter>3rd Party\EA\StdC\internal</Filter>
    </ClInclude>
    <ClInclude Include="EA\EAStdC\internal\stdioEA.h">
      <Filter>3rd Party\EA\StdC\internal</Filter>
    </ClInclude>
    <ClInclude Include="EA\EAStdC\internal\Thread.h">
      <Filter>3rd Party\EA\StdC\internal</Filter>
    </ClInclude>
    <ClInclude Include="EA\eathread\eathread.h">
      <Filter>3rd Party\EA\thread</Filter>
    </ClInclude>
    <ClInclude Include="EA\eathread\eathread_atomic.h">
      <Filter>3rd Party\EA\thread</Filter>
    </ClInclude>
    <ClInclude Include="EA\eathread\eathread_barrier.h">
      <Filter>3rd Party\EA\thread</Filter>
    </ClInclude>
    <ClInclude Include="EA\eathread\eathread_callstack.h">
      <Filter>3rd Party\EA\thread</Filter>
    </ClInclude>
    <ClInclude Include="EA\eathread\eathread_callstack_context.h">
      <Filter>3rd Party\EA\thread</Filter>
    </ClInclude>
    <ClInclude Include="EA\eathread\eathread_condition.h">
      <Filter>3rd Party\EA\thread</Filter>
    </ClInclude>
    <ClInclude Include="EA\eathread\eathread_futex.h">
      <Filter>3rd Party\EA\thread</Filter>
    </ClInclude>
    <ClInclude Include="EA\eathread\eathread_list.h">
      <Filter>3rd Party\EA\thread</Filter>
    </ClInclude>
    <ClInclude Include="EA\eathread\eathread_mutex.h">
      <Filter>3rd Party\EA\thread</Filter>
    </ClInclude>
    <ClInclude Include="EA\eathread\eathread_pool.h">
      <Filter>3rd Party\EA\thread</Filter>
    </ClInclude>
    <ClInclude Include="EA\eathread\eathread_rwmutex.h">
      <Filter>3rd Party\EA\thread</Filter>
    </ClInclude>
    <ClInclude Include="EA\eathread\eathread_rwmutex_ip.h">
      <Filter>3rd Party\EA\thread</Filter>
    </ClInclude>
    <ClInclude Include="EA\eathread\eathread_rwsemalock.h">
      <Filter>3rd Party\EA\thread</Filter>
    </ClInclude>
    <ClInclude Include="EA\eathread\eathread_rwspinlock.h">
      <Filter>3rd Party\EA\thread</Filter>
    </ClInclude>
    <ClInclude Include="EA\eathread\eathread_rwspinlockw.h">
      <Filter>3rd Party\EA\thread</Filter>
    </ClInclude>
    <ClInclude Include="EA\eathread\eathread_semaphore.h">
      <Filter>3rd Party\EA\thread</Filter>
    </ClInclude>
    <ClInclude Include="EA\eathread\eathread_spinlock.h">
      <Filter>3rd Party\EA\thread</Filter>
    </ClInclude>
    <ClInclude Include="EA\eathread\eathread_storage.h">
      <Filter>3rd Party\EA\thread</Filter>
    </ClInclude>
    <ClInclude Include="EA\eathread\eathread_sync.h">
      <Filter>3rd Party\EA\thread</Filter>
    </ClInclude>
    <ClInclude Include="EA\eathread\eathread_thread.h">
      <Filter>3rd Party\EA\thread</Filter>
    </ClInclude>
    <ClInclude Include="EA\eathread\shared_array_mt.h">
      <Filter>3rd Party\EA\thread</Filter>
    </ClInclude>
    <ClInclude Include="EA\eathread\shared_ptr_mt.h">
      <Filter>3rd Party\EA\thread</Filter>
    </ClInclude>
    <ClInclude Include="EA\eathread\version.h">
      <Filter>3rd Party\EA\thread</Filter>
    </ClInclude>
    <ClInclude Include="EA\eathread\gcc\eathread_atomic_gcc.h">
      <Filter>3rd Party\EA\thread\gcc</Filter>
    </ClInclude>
    <ClInclude Include="EA\eathread\gcc\eathread_sync_gcc.h">
      <Filter>3rd Party\EA\thread\gcc</Filter>
    </ClInclude>
    <ClInclude Include="EA\eathread\internal\atomic.h">
      <Filter>3rd Party\EA\thread\internal</Filter>
    </ClInclude>
    <ClInclude Include="EA\eathread\internal\config.h">
      <Filter>3rd Party\EA\thread\internal</Filter>
    </ClInclude>
    <ClInclude Include="EA\eathread\internal\dllinfo.h">
      <Filter>3rd Party\EA\thread\internal</Filter>
    </ClInclude>
    <ClInclude Include="EA\eathread\internal\eathread_atomic.h">
      <Filter>3rd Party\EA\thread\internal</Filter>
    </ClInclude>
    <ClInclude Include="EA\eathread\internal\eathread_atomic_standalone.h">
      <Filter>3rd Party\EA\thread\internal</Filter>
    </ClInclude>
    <ClInclude Include="EA\eathread\internal\eathread_atomic_standalone_gcc.h">
      <Filter>3rd Party\EA\thread\internal</Filter>
    </ClInclude>
    <ClInclude Include="EA\eathread\internal\eathread_atomic_standalone_msvc.h">
      <Filter>3rd Party\EA\thread\internal</Filter>
    </ClInclude>
    <ClInclude Include="EA\eathread\internal\eathread_global.h">
      <Filter>3rd Party\EA\thread\internal</Filter>
    </ClInclude>
    <ClInclude Include="EA\eathread\internal\timings.h">
      <Filter>3rd Party\EA\thread\internal</Filter>
    </ClInclude>
    <ClInclude Include="EA\eathread\x86-64\eathread_atomic_x86-64.h">
      <Filter>3rd Party\EA\thread\x86-64</Filter>
    </ClInclude>
    <ClInclude Include="EA\eathread\x86-64\eathread_sync_x86-64.h">
      <Filter>3rd Party\EA\thread\x86-64</Filter>
    </ClInclude>
    <ClInclude Include="RE_Command.h">
      <Filter>Source\Application\Modules\Editor\Commands</Filter>
    </ClInclude>
    <ClInclude Include="RE_CommandManager.h">
      <Filter>Source\Application\Modules\Editor\Commands</Filter>
    </ClInclude>
    <ClInclude Include="RE_CompLight.h">
      <Filter>Source\Entity Component System\Components</Filter>
    </ClInclude>
    <ClInclude Include="ModuleAudio.h">
      <Filter>Source\Application\Modules</Filter>
    </ClInclude>
    <ClInclude Include="RE_CompWater.h">
      <Filter>Source\Entity Component System\Components</Filter>
    </ClInclude>
    <ClInclude Include="md5.h">
      <Filter>3rd Party\MD5</Filter>
    </ClInclude>
    <ClInclude Include="Application.h">
      <Filter>Source\Application</Filter>
    </ClInclude>
    <ClInclude Include="RE_Math.h">
      <Filter>Source\Utility</Filter>
    </ClInclude>
    <ClInclude Include="RE_Time.h">
      <Filter>Source\Utility</Filter>
    </ClInclude>
    <ClInclude Include="RE_ConsoleLog.h">
      <Filter>Source\Utility</Filter>
    </ClInclude>
    <ClInclude Include="RE_Hardware.h">
      <Filter>Source\Utility</Filter>
    </ClInclude>
    <ClInclude Include="RE_FileSystem.h">
      <Filter>Source\FileSystem</Filter>
    </ClInclude>
    <ClInclude Include="RE_AABBDynTree.h">
      <Filter>Source\Utility\Space Partition</Filter>
    </ClInclude>
    <ClInclude Include="Globals.h">
      <Filter>Source\Utility</Filter>
    </ClInclude>
    <ClInclude Include="RE_Cvar.h">
      <Filter>Source\Events System</Filter>
    </ClInclude>
    <ClInclude Include="RE_TextureImporter.h">
      <Filter>Source\Resources\Textures</Filter>
    </ClInclude>
    <ClInclude Include="RE_Texture.h">
      <Filter>Source\Resources\Textures</Filter>
    </ClInclude>
    <ClInclude Include="RE_TextureSettings.h">
      <Filter>Source\Resources\Textures</Filter>
    </ClInclude>
    <ClInclude Include="RE_SkyBox.h">
      <Filter>Source\Resources\Skybox</Filter>
    </ClInclude>
    <ClInclude Include="RE_SkyBoxSettings.h">
      <Filter>Source\Resources\Skybox</Filter>
    </ClInclude>
    <ClInclude Include="RE_SkyboxImporter.h">
      <Filter>Source\Resources\Skybox</Filter>
    </ClInclude>
    <ClInclude Include="RE_ShaderImporter.h">
      <Filter>Source\Resources\Shaders</Filter>
    </ClInclude>
    <ClInclude Include="RE_Shader.h">
      <Filter>Source\Resources\Shaders</Filter>
    </ClInclude>
    <ClInclude Include="RE_ModelImporter.h">
      <Filter>Source\Resources\Model</Filter>
    </ClInclude>
    <ClInclude Include="RE_Model.h">
      <Filter>Source\Resources\Model</Filter>
    </ClInclude>
    <ClInclude Include="RE_ECS_Importer.h">
      <Filter>Source\Entity Component System</Filter>
    </ClInclude>
    <ClInclude Include="RE_ModelSettings.h">
      <Filter>Source\Resources\Model</Filter>
    </ClInclude>
    <ClInclude Include="RE_HashMap.h">
      <Filter>Source\Entity Component System\Hash System</Filter>
    </ClInclude>
    <ClInclude Include="RE_GameObjectPool.h">
      <Filter>Source\Entity Component System\Hash System</Filter>
    </ClInclude>
    <ClInclude Include="RE_ComponentsPool.h">
      <Filter>Source\Entity Component System\Hash System</Filter>
    </ClInclude>
    <ClInclude Include="RE_ComponentPool.h">
      <Filter>Source\Entity Component System\Hash System</Filter>
    </ClInclude>
    <ClInclude Include="RE_ECS_Pool.h">
      <Filter>Source\Entity Component System\Hash System</Filter>
    </ClInclude>
    <ClInclude Include="RE_GameObject.h">
      <Filter>Source\Entity Component System</Filter>
    </ClInclude>
    <ClInclude Include="RE_CameraManager.h">
      <Filter>Source\Entity Component System\Components\Camera</Filter>
    </ClInclude>
    <ClInclude Include="RE_CompCamera.h">
      <Filter>Source\Entity Component System\Components\Camera</Filter>
    </ClInclude>
    <ClInclude Include="RE_PrimitiveManager.h">
      <Filter>Source\Entity Component System\Components\Primitives</Filter>
    </ClInclude>
    <ClInclude Include="RE_CompPrimitive.h">
      <Filter>Source\Entity Component System\Components\Primitives</Filter>
    </ClInclude>
    <ClInclude Include="RE_Component.h">
      <Filter>Source\Entity Component System\Components</Filter>
    </ClInclude>
    <ClInclude Include="RE_ThumbnailManager.h">
      <Filter>Source\FileSystem</Filter>
    </ClInclude>
    <ClInclude Include="RE_Config.h">
      <Filter>Source\FileSystem\File Container</Filter>
    </ClInclude>
    <ClInclude Include="RE_FileBuffer.h">
      <Filter>Source\FileSystem\File Container</Filter>
    </ClInclude>
    <ClInclude Include="RE_Json.h">
      <Filter>Source\FileSystem\File Container</Filter>
    </ClInclude>
    <ClInclude Include="RE_Mesh.h">
      <Filter>Source\Resources\Model</Filter>
    </ClInclude>
    <ClInclude Include="RE_Material.h">
      <Filter>Source\Resources\Model</Filter>
    </ClInclude>
    <ClInclude Include="ModuleEditor.h">
      <Filter>Source\Application\Modules\Editor</Filter>
    </ClInclude>
    <ClInclude Include="ModuleRenderer3D.h">
      <Filter>Source\Application\Modules\Renderer</Filter>
    </ClInclude>
    <ClInclude Include="RE_GLCacheManager.h">
      <Filter>Source\Application\Modules\Renderer</Filter>
    </ClInclude>
    <ClInclude Include="RE_FBOManager.h">
      <Filter>Source\Application\Modules\Renderer</Filter>
    </ClInclude>
    <ClInclude Include="RE_ResourceManager.h">
      <Filter>Source\Resources</Filter>
    </ClInclude>
    <ClInclude Include="RE_Prefab.h">
      <Filter>Source\Resources\ECS</Filter>
    </ClInclude>
    <ClInclude Include="RE_Scene.h">
      <Filter>Source\Resources\ECS</Filter>
    </ClInclude>
    <ClInclude Include="RE_DefaultShaders.h">
      <Filter>Source\Resources\Shaders</Filter>
    </ClInclude>
    <ClInclude Include="RE_InternalResources.h">
      <Filter>Source\Resources</Filter>
    </ClInclude>
  </ItemGroup>
  <ItemGroup>
    <Filter Include="3rd Party">
      <UniqueIdentifier>{6ee59120-7d58-46db-9b83-6553b3f6afae}</UniqueIdentifier>
    </Filter>
    <Filter Include="3rd Party\PhysFS">
      <UniqueIdentifier>{429ba044-1ffb-4246-aa0b-ab4a59cb5d97}</UniqueIdentifier>
    </Filter>
    <Filter Include="3rd Party\RapidJson">
      <UniqueIdentifier>{47bf42ae-64f7-408a-8df2-0e016762aa7c}</UniqueIdentifier>
    </Filter>
    <Filter Include="3rd Party\RapidJson\error">
      <UniqueIdentifier>{82e15e95-8224-4039-98c5-8bd59a87a22d}</UniqueIdentifier>
    </Filter>
    <Filter Include="3rd Party\RapidJson\internal">
      <UniqueIdentifier>{25c6036d-7ab4-46d8-a195-fa24feb8d820}</UniqueIdentifier>
    </Filter>
    <Filter Include="3rd Party\RapidJson\msinttypes">
      <UniqueIdentifier>{84cde038-91b4-48df-b508-24b57351bca2}</UniqueIdentifier>
    </Filter>
    <Filter Include="3rd Party\gpudetect">
      <UniqueIdentifier>{fec4a5bb-9630-4fec-ac82-f68facecd32b}</UniqueIdentifier>
    </Filter>
    <Filter Include="3rd Party\MathGeoLib">
      <UniqueIdentifier>{431bcedd-ace7-494b-97d5-9917c675a2a2}</UniqueIdentifier>
    </Filter>
    <Filter Include="3rd Party\ImGui">
      <UniqueIdentifier>{a919df7d-26c5-4f48-bc4d-d94d785fcd11}</UniqueIdentifier>
    </Filter>
    <Filter Include="3rd Party\ImGuizmo">
      <UniqueIdentifier>{a8753026-9d83-44bd-8441-d736761a142d}</UniqueIdentifier>
    </Filter>
    <Filter Include="3rd Party\Optick">
      <UniqueIdentifier>{96f88492-7884-4afc-8db2-b5f3566d4b9c}</UniqueIdentifier>
    </Filter>
    <Filter Include="3rd Party\PAR Shapes">
      <UniqueIdentifier>{9fe0d206-8ee0-4092-b453-1b77011f1006}</UniqueIdentifier>
    </Filter>
    <Filter Include="3rd Party\EA">
      <UniqueIdentifier>{ca26104d-dca2-4b45-9897-86b0b66cba5f}</UniqueIdentifier>
    </Filter>
    <Filter Include="3rd Party\EA\STL">
      <UniqueIdentifier>{378a7607-143b-4715-9e98-78609f118160}</UniqueIdentifier>
    </Filter>
    <Filter Include="3rd Party\EA\STL\Bonus">
      <UniqueIdentifier>{d55e147a-1b5a-4daf-bb3c-98808b7d8063}</UniqueIdentifier>
    </Filter>
    <Filter Include="3rd Party\EA\STL\internal">
      <UniqueIdentifier>{c4049d18-e487-47fc-b60d-68a3d4cf4246}</UniqueIdentifier>
    </Filter>
    <Filter Include="3rd Party\EA\Base">
      <UniqueIdentifier>{a498975e-9d52-4ec6-8ea8-eeeea15205a6}</UniqueIdentifier>
    </Filter>
    <Filter Include="3rd Party\EA\Base\config">
      <UniqueIdentifier>{b6b9ddd4-16c0-4e01-9cdf-5f44fd80589b}</UniqueIdentifier>
    </Filter>
    <Filter Include="3rd Party\EA\Assert">
      <UniqueIdentifier>{c892b0dd-5141-48d9-b5a4-2cdb6727bd88}</UniqueIdentifier>
    </Filter>
    <Filter Include="3rd Party\EA\StdC">
      <UniqueIdentifier>{be28a145-9432-4d97-9458-5304dd2c7a5b}</UniqueIdentifier>
    </Filter>
    <Filter Include="3rd Party\EA\StdC\internal">
      <UniqueIdentifier>{8b457b99-e912-4507-90eb-69b29b02e707}</UniqueIdentifier>
    </Filter>
    <Filter Include="3rd Party\EA\StdC\Win32">
      <UniqueIdentifier>{a01f61b0-e613-4669-8c58-0834732b4499}</UniqueIdentifier>
    </Filter>
    <Filter Include="3rd Party\EA\thread">
      <UniqueIdentifier>{ba147c28-ca68-478f-af21-47ed4ec523fa}</UniqueIdentifier>
    </Filter>
    <Filter Include="3rd Party\EA\thread\gcc">
      <UniqueIdentifier>{f88c6237-b359-44d4-84bb-5c4a48bb4bbb}</UniqueIdentifier>
    </Filter>
    <Filter Include="3rd Party\EA\thread\internal">
      <UniqueIdentifier>{869ad6d5-396e-47c6-818a-c2b093783363}</UniqueIdentifier>
    </Filter>
    <Filter Include="3rd Party\EA\thread\x86-64">
      <UniqueIdentifier>{c86c5439-a0e1-48ce-a530-9f7797fd16f8}</UniqueIdentifier>
    </Filter>
    <Filter Include="3rd Party\MD5">
      <UniqueIdentifier>{dde4a8a1-2d44-48f2-bfc3-be7364f13339}</UniqueIdentifier>
    </Filter>
    <Filter Include="Source">
      <UniqueIdentifier>{1e4434c3-6ced-459b-a620-3316f27a5c54}</UniqueIdentifier>
    </Filter>
    <Filter Include="Source\Entity Component System">
      <UniqueIdentifier>{2ca41c23-353f-4ca0-8e9d-3a8797f417a8}</UniqueIdentifier>
    </Filter>
    <Filter Include="Source\Entity Component System\Components">
      <UniqueIdentifier>{a1265e59-2843-4b5a-abaf-37c926bb38a7}</UniqueIdentifier>
    </Filter>
    <Filter Include="Source\Entity Component System\Components\Particles">
      <UniqueIdentifier>{6be67668-60b0-48b8-9870-6f373919f170}</UniqueIdentifier>
    </Filter>
    <Filter Include="Class Diagrams">
      <UniqueIdentifier>{65836e87-fffd-4c0e-8be7-ad02ecfdd02b}</UniqueIdentifier>
    </Filter>
    <Filter Include="Source\Application">
      <UniqueIdentifier>{81e1c51b-a91f-4b42-af0d-467a3e443096}</UniqueIdentifier>
    </Filter>
    <Filter Include="Source\Application\Modules">
      <UniqueIdentifier>{dbb90943-cf3a-483e-b9a2-928baf328345}</UniqueIdentifier>
    </Filter>
    <Filter Include="Source\Events System">
      <UniqueIdentifier>{b7a63cfc-233b-4186-96c0-37e2ed9b095d}</UniqueIdentifier>
    </Filter>
    <Filter Include="Source\Utility">
      <UniqueIdentifier>{79e2c679-5e2b-47e5-95a0-240e5abe6473}</UniqueIdentifier>
    </Filter>
    <Filter Include="Source\FileSystem">
      <UniqueIdentifier>{639a6e47-8665-4a89-b1c1-06588da71634}</UniqueIdentifier>
    </Filter>
    <Filter Include="Source\Resources">
      <UniqueIdentifier>{138e3b14-77d4-440e-872a-1d54ebdae46f}</UniqueIdentifier>
    </Filter>
    <Filter Include="Source\Utility\Space Partition">
      <UniqueIdentifier>{b68e0a5d-ad13-472e-be1a-55dccf9fc2ce}</UniqueIdentifier>
    </Filter>
    <Filter Include="Source\Resources\Textures">
      <UniqueIdentifier>{8fa410d2-6d49-4616-9f70-cbe0637a8bb5}</UniqueIdentifier>
    </Filter>
    <Filter Include="Source\Resources\Skybox">
      <UniqueIdentifier>{05320b82-ffc7-4c59-acea-86ed4b28094a}</UniqueIdentifier>
    </Filter>
    <Filter Include="Source\Resources\Shaders">
      <UniqueIdentifier>{8eb3bcc5-d4c7-4d66-ad27-9d479dee4938}</UniqueIdentifier>
    </Filter>
    <Filter Include="Source\Resources\Model">
      <UniqueIdentifier>{32b8e995-81be-404a-82fe-eec0fb9bf34a}</UniqueIdentifier>
    </Filter>
    <Filter Include="Source\Entity Component System\Hash System">
      <UniqueIdentifier>{7d4a01e6-ec35-46e2-b62b-85e046c97aed}</UniqueIdentifier>
    </Filter>
    <Filter Include="Source\Entity Component System\Components\Camera">
      <UniqueIdentifier>{d4743095-be7d-4996-921d-a6f282be6b07}</UniqueIdentifier>
    </Filter>
    <Filter Include="Source\Entity Component System\Components\Primitives">
      <UniqueIdentifier>{5cbd9394-fc9d-44c6-ab07-36554b54cb52}</UniqueIdentifier>
    </Filter>
    <Filter Include="Source\FileSystem\File Container">
      <UniqueIdentifier>{4190a802-fb82-4dcf-9f91-4b4f2830c2e9}</UniqueIdentifier>
    </Filter>
    <Filter Include="Source\Application\Modules\Editor">
      <UniqueIdentifier>{355a2309-34fd-415d-af8a-c2ca6f635028}</UniqueIdentifier>
    </Filter>
    <Filter Include="Source\Application\Modules\Editor\Editor Windows">
      <UniqueIdentifier>{a18935b7-c464-42a4-915b-e5d7df5fc839}</UniqueIdentifier>
    </Filter>
    <Filter Include="Source\Application\Modules\Editor\Commands">
      <UniqueIdentifier>{619773c4-4576-417f-a33f-3d381f2a958a}</UniqueIdentifier>
    </Filter>
    <Filter Include="Source\Application\Modules\Renderer">
      <UniqueIdentifier>{4a0cfd25-bda1-4dec-8a43-d29dc36bb337}</UniqueIdentifier>
    </Filter>
    <Filter Include="Source\Resources\ECS">
      <UniqueIdentifier>{0950dac9-e049-4f1f-ae0d-5d9db98ef642}</UniqueIdentifier>
    </Filter>
  </ItemGroup>
  <ItemGroup>
    <None Include="EA\EAStdC\internal\EAMemory.inl">
      <Filter>3rd Party\EA\StdC\internal</Filter>
    </None>
    <None Include="EA\EAStdC\Win32\EAMathHelpWin32.inl">
      <Filter>3rd Party\EA\StdC\Win32</Filter>
    </None>
    <None Include="General Diagram.cd">
      <Filter>Class Diagrams</Filter>
    </None>
  </ItemGroup>
</Project>