<?xml version="1.0" encoding="utf-8"?>
<Project ToolsVersion="4.0" xmlns="http://schemas.microsoft.com/developer/msbuild/2003">
  <ItemGroup>
    <ClCompile Include="mmgr\mmgr.cpp">
      <Filter>3rd Party\mmgr</Filter>
    </ClCompile>
    <ClCompile Include="main.cpp">
      <Filter>Main</Filter>
    </ClCompile>
    <ClCompile Include="Application.cpp">
      <Filter>Main</Filter>
    </ClCompile>
    <ClCompile Include="ModuleWindow.cpp">
      <Filter>Modules</Filter>
    </ClCompile>
    <ClCompile Include="ModuleInput.cpp">
      <Filter>Modules</Filter>
    </ClCompile>
    <ClCompile Include="Event.cpp">
      <Filter>Modules\Events</Filter>
    </ClCompile>
    <ClCompile Include="gpudetect\DeviceId.cpp">
      <Filter>3rd Party\gpudetect</Filter>
    </ClCompile>
    <ClCompile Include="ImGui\imgui.cpp">
      <Filter>3rd Party\ImGui</Filter>
    </ClCompile>
    <ClCompile Include="ImGui\imgui_demo.cpp">
      <Filter>3rd Party\ImGui</Filter>
    </ClCompile>
    <ClCompile Include="ImGui\imgui_draw.cpp">
      <Filter>3rd Party\ImGui</Filter>
    </ClCompile>
    <ClCompile Include="ImGuizmo\ImGuizmo.cpp">
      <Filter>3rd Party\ImGuizmo</Filter>
    </ClCompile>
    <ClCompile Include="ModuleRenderer3D.cpp">
      <Filter>Modules</Filter>
    </ClCompile>
    <ClCompile Include="Cvar.cpp">
      <Filter>Containers</Filter>
    </ClCompile>
    <ClCompile Include="FileSystem.cpp">
      <Filter>Modules\Independent App Modules\FileSystem</Filter>
    </ClCompile>
    <ClCompile Include="TimeManager.cpp">
      <Filter>Modules\Independent App Modules\TimeManager</Filter>
    </ClCompile>
    <ClCompile Include="SystemInfo.cpp">
      <Filter>Modules\Independent App Modules\SystemInfo</Filter>
    </ClCompile>
    <ClCompile Include="RE_Math.cpp">
      <Filter>Modules\Independent App Modules\Math</Filter>
    </ClCompile>
    <ClCompile Include="ModuleScene.cpp">
      <Filter>Modules</Filter>
    </ClCompile>
    <ClCompile Include="OutputLog.cpp">
      <Filter>Utility\Log</Filter>
    </ClCompile>
    <ClCompile Include="RE_GameObject.cpp">
      <Filter>GameObject</Filter>
    </ClCompile>
    <ClCompile Include="RE_CompMesh.cpp">
      <Filter>GameObject\Components</Filter>
    </ClCompile>
    <ClCompile Include="RE_Component.cpp">
      <Filter>GameObject\Components</Filter>
    </ClCompile>
    <ClCompile Include="RE_CompPrimitive.cpp">
      <Filter>GameObject\Components</Filter>
    </ClCompile>
    <ClCompile Include="RE_CompCamera.cpp">
      <Filter>GameObject\Components</Filter>
    </ClCompile>
    <ClCompile Include="RE_PrimitiveManager.cpp">
      <Filter>Modules\Resource Managers</Filter>
    </ClCompile>
    <ClCompile Include="ResourceManager.cpp">
      <Filter>Modules\Resource Managers</Filter>
    </ClCompile>
    <ClCompile Include="QuadTree.cpp">
      <Filter>Containers</Filter>
    </ClCompile>
    <ClCompile Include="ModuleEditor.cpp">
      <Filter>Modules\Editor</Filter>
    </ClCompile>
    <ClCompile Include="EditorWindows.cpp">
      <Filter>Modules\Editor</Filter>
    </ClCompile>
    <ClCompile Include="md5.cpp">
      <Filter>Utility</Filter>
    </ClCompile>
    <ClCompile Include="RE_CompTransform.cpp">
      <Filter>GameObject\Components</Filter>
    </ClCompile>
    <ClCompile Include="ImGui\imgui_impl_opengl3.cpp">
      <Filter>3rd Party\ImGui</Filter>
    </ClCompile>
    <ClCompile Include="ImGui\imgui_impl_sdl.cpp">
      <Filter>3rd Party\ImGui</Filter>
    </ClCompile>
    <ClCompile Include="ImGui\imgui_widgets.cpp">
      <Filter>3rd Party\ImGui</Filter>
    </ClCompile>
    <ClCompile Include="RE_ModelImporter.cpp">
      <Filter>Modules\Resource Managers</Filter>
    </ClCompile>
    <ClCompile Include="RE_TextureImporter.cpp">
      <Filter>Modules\Resource Managers</Filter>
    </ClCompile>
    <ClCompile Include="Particle.cpp">
      <Filter>GameObject\Components\Particles</Filter>
    </ClCompile>
    <ClCompile Include="RE_CompParticleEmiter.cpp">
      <Filter>GameObject\Components\Particles</Filter>
    </ClCompile>
    <ClCompile Include="RE_HandleErrors.cpp">
      <Filter>Modules\Independent App Modules</Filter>
    </ClCompile>
    <ClCompile Include="RE_InternalResources.cpp">
      <Filter>Modules\Independent App Modules</Filter>
    </ClCompile>
    <ClCompile Include="Globals.cpp">
      <Filter>Utility</Filter>
    </ClCompile>
    <ClCompile Include="RE_Material.cpp">
      <Filter>Modules\Resource Managers\Resources</Filter>
    </ClCompile>
    <ClCompile Include="RE_Mesh.cpp">
      <Filter>Modules\Resource Managers\Resources</Filter>
    </ClCompile>
    <ClCompile Include="RE_Prefab.cpp">
      <Filter>Modules\Resource Managers\Resources</Filter>
    </ClCompile>
    <ClCompile Include="Resource.cpp">
      <Filter>Modules\Resource Managers\Resources</Filter>
    </ClCompile>
    <ClCompile Include="RE_Texture.cpp">
      <Filter>Modules\Resource Managers\Resources</Filter>
    </ClCompile>
    <ClCompile Include="RE_SkyBox.cpp">
      <Filter>Modules\Resource Managers\Resources</Filter>
    </ClCompile>
    <ClCompile Include="RE_Scene.cpp">
      <Filter>Modules\Resource Managers\Resources</Filter>
    </ClCompile>
    <ClCompile Include="RE_Shader.cpp">
      <Filter>Modules\Resource Managers\Resources</Filter>
    </ClCompile>
    <ClCompile Include="RE_CameraManager.cpp">
      <Filter>Modules\Independent App Modules</Filter>
    </ClCompile>
    <ClCompile Include="RE_ShaderImporter.cpp">
      <Filter>Modules\Resource Managers</Filter>
    </ClCompile>
  </ItemGroup>
  <ItemGroup>
    <ClInclude Include="mmgr\mmgr.h">
      <Filter>3rd Party\mmgr</Filter>
    </ClInclude>
    <ClInclude Include="mmgr\nommgr.h">
      <Filter>3rd Party\mmgr</Filter>
    </ClInclude>
    <ClInclude Include="Application.h">
      <Filter>Main</Filter>
    </ClInclude>
    <ClInclude Include="Module.h">
      <Filter>Modules</Filter>
    </ClInclude>
    <ClInclude Include="ModuleWindow.h">
      <Filter>Modules</Filter>
    </ClInclude>
    <ClInclude Include="ModuleInput.h">
      <Filter>Modules</Filter>
    </ClInclude>
    <ClInclude Include="Event.h">
      <Filter>Modules\Events</Filter>
    </ClInclude>
    <ClInclude Include="EventListener.h">
      <Filter>Modules\Events</Filter>
    </ClInclude>
    <ClInclude Include="PhysFS\include\physfs.h">
      <Filter>3rd Party\PhysFS</Filter>
    </ClInclude>
    <ClInclude Include="PhysFS\include\physfs_internal.h">
      <Filter>3rd Party\PhysFS</Filter>
    </ClInclude>
    <ClInclude Include="RapidJson\include\rapidjson.h">
      <Filter>3rd Party\RapidJson</Filter>
    </ClInclude>
    <ClInclude Include="RapidJson\include\allocators.h">
      <Filter>3rd Party\RapidJson</Filter>
    </ClInclude>
    <ClInclude Include="RapidJson\include\document.h">
      <Filter>3rd Party\RapidJson</Filter>
    </ClInclude>
    <ClInclude Include="RapidJson\include\encodedstream.h">
      <Filter>3rd Party\RapidJson</Filter>
    </ClInclude>
    <ClInclude Include="RapidJson\include\encodings.h">
      <Filter>3rd Party\RapidJson</Filter>
    </ClInclude>
    <ClInclude Include="RapidJson\include\filereadstream.h">
      <Filter>3rd Party\RapidJson</Filter>
    </ClInclude>
    <ClInclude Include="RapidJson\include\filewritestream.h">
      <Filter>3rd Party\RapidJson</Filter>
    </ClInclude>
    <ClInclude Include="RapidJson\include\fwd.h">
      <Filter>3rd Party\RapidJson</Filter>
    </ClInclude>
    <ClInclude Include="RapidJson\include\istreamwrapper.h">
      <Filter>3rd Party\RapidJson</Filter>
    </ClInclude>
    <ClInclude Include="RapidJson\include\memorybuffer.h">
      <Filter>3rd Party\RapidJson</Filter>
    </ClInclude>
    <ClInclude Include="RapidJson\include\memorystream.h">
      <Filter>3rd Party\RapidJson</Filter>
    </ClInclude>
    <ClInclude Include="RapidJson\include\ostreamwrapper.h">
      <Filter>3rd Party\RapidJson</Filter>
    </ClInclude>
    <ClInclude Include="RapidJson\include\pointer.h">
      <Filter>3rd Party\RapidJson</Filter>
    </ClInclude>
    <ClInclude Include="RapidJson\include\prettywriter.h">
      <Filter>3rd Party\RapidJson</Filter>
    </ClInclude>
    <ClInclude Include="RapidJson\include\reader.h">
      <Filter>3rd Party\RapidJson</Filter>
    </ClInclude>
    <ClInclude Include="RapidJson\include\schema.h">
      <Filter>3rd Party\RapidJson</Filter>
    </ClInclude>
    <ClInclude Include="RapidJson\include\stream.h">
      <Filter>3rd Party\RapidJson</Filter>
    </ClInclude>
    <ClInclude Include="RapidJson\include\stringbuffer.h">
      <Filter>3rd Party\RapidJson</Filter>
    </ClInclude>
    <ClInclude Include="RapidJson\include\writer.h">
      <Filter>3rd Party\RapidJson</Filter>
    </ClInclude>
    <ClInclude Include="RapidJson\include\error\en.h">
      <Filter>3rd Party\RapidJson\error</Filter>
    </ClInclude>
    <ClInclude Include="RapidJson\include\error\error.h">
      <Filter>3rd Party\RapidJson\error</Filter>
    </ClInclude>
    <ClInclude Include="RapidJson\include\internal\biginteger.h">
      <Filter>3rd Party\RapidJson\internal</Filter>
    </ClInclude>
    <ClInclude Include="RapidJson\include\internal\diyfp.h">
      <Filter>3rd Party\RapidJson\internal</Filter>
    </ClInclude>
    <ClInclude Include="RapidJson\include\internal\dtoa.h">
      <Filter>3rd Party\RapidJson\internal</Filter>
    </ClInclude>
    <ClInclude Include="RapidJson\include\internal\ieee754.h">
      <Filter>3rd Party\RapidJson\internal</Filter>
    </ClInclude>
    <ClInclude Include="RapidJson\include\internal\itoa.h">
      <Filter>3rd Party\RapidJson\internal</Filter>
    </ClInclude>
    <ClInclude Include="RapidJson\include\internal\meta.h">
      <Filter>3rd Party\RapidJson\internal</Filter>
    </ClInclude>
    <ClInclude Include="RapidJson\include\internal\pow10.h">
      <Filter>3rd Party\RapidJson\internal</Filter>
    </ClInclude>
    <ClInclude Include="RapidJson\include\internal\regex.h">
      <Filter>3rd Party\RapidJson\internal</Filter>
    </ClInclude>
    <ClInclude Include="RapidJson\include\internal\stack.h">
      <Filter>3rd Party\RapidJson\internal</Filter>
    </ClInclude>
    <ClInclude Include="RapidJson\include\internal\strfunc.h">
      <Filter>3rd Party\RapidJson\internal</Filter>
    </ClInclude>
    <ClInclude Include="RapidJson\include\internal\strtod.h">
      <Filter>3rd Party\RapidJson\internal</Filter>
    </ClInclude>
    <ClInclude Include="RapidJson\include\internal\swap.h">
      <Filter>3rd Party\RapidJson\internal</Filter>
    </ClInclude>
    <ClInclude Include="RapidJson\include\msinttypes\inttypes.h">
      <Filter>3rd Party\RapidJson\msinttypes</Filter>
    </ClInclude>
    <ClInclude Include="RapidJson\include\msinttypes\stdint.h">
      <Filter>3rd Party\RapidJson\msinttypes</Filter>
    </ClInclude>
    <ClInclude Include="gpudetect\DeviceId.h">
      <Filter>3rd Party\gpudetect</Filter>
    </ClInclude>
    <ClInclude Include="gpudetect\dxgi1_4.h">
      <Filter>3rd Party\gpudetect</Filter>
    </ClInclude>
    <ClInclude Include="ModuleRenderer3D.h">
      <Filter>Modules</Filter>
    </ClInclude>
    <ClInclude Include="ImGui\imconfig.h">
      <Filter>3rd Party\ImGui</Filter>
    </ClInclude>
    <ClInclude Include="ImGui\imgui.h">
      <Filter>3rd Party\ImGui</Filter>
    </ClInclude>
    <ClInclude Include="ImGui\imgui_internal.h">
      <Filter>3rd Party\ImGui</Filter>
    </ClInclude>
    <ClInclude Include="ImGui\stb_rect_pack.h">
      <Filter>3rd Party\ImGui</Filter>
    </ClInclude>
    <ClInclude Include="ImGui\stb_textedit.h">
      <Filter>3rd Party\ImGui</Filter>
    </ClInclude>
    <ClInclude Include="ImGui\stb_truetype.h">
      <Filter>3rd Party\ImGui</Filter>
    </ClInclude>
    <ClInclude Include="ImGuizmo\ImGuizmo.h">
      <Filter>3rd Party\ImGuizmo</Filter>
    </ClInclude>
    <ClInclude Include="MathGeoLib\include\MathBuildConfig.h">
      <Filter>3rd Party\MathGeoLib</Filter>
    </ClInclude>
    <ClInclude Include="MathGeoLib\include\MathGeoLib.h">
      <Filter>3rd Party\MathGeoLib</Filter>
    </ClInclude>
    <ClInclude Include="MathGeoLib\include\MathGeoLibFwd.h">
      <Filter>3rd Party\MathGeoLib</Filter>
    </ClInclude>
    <ClInclude Include="Cvar.h">
      <Filter>Containers</Filter>
    </ClInclude>
    <ClInclude Include="FileSystem.h">
      <Filter>Modules\Independent App Modules\FileSystem</Filter>
    </ClInclude>
    <ClInclude Include="TimeManager.h">
      <Filter>Modules\Independent App Modules\TimeManager</Filter>
    </ClInclude>
    <ClInclude Include="SystemInfo.h">
      <Filter>Modules\Independent App Modules\SystemInfo</Filter>
    </ClInclude>
    <ClInclude Include="RE_Math.h">
      <Filter>Modules\Independent App Modules\Math</Filter>
    </ClInclude>
    <ClInclude Include="ModuleScene.h">
      <Filter>Modules</Filter>
    </ClInclude>
    <ClInclude Include="OutputLog.h">
      <Filter>Utility\Log</Filter>
    </ClInclude>
    <ClInclude Include="Globals.h">
      <Filter>Utility</Filter>
    </ClInclude>
    <ClInclude Include="RE_CompPrimitive.h">
      <Filter>GameObject\Components</Filter>
    </ClInclude>
    <ClInclude Include="RE_CompMesh.h">
      <Filter>GameObject\Components</Filter>
    </ClInclude>
    <ClInclude Include="RE_Component.h">
      <Filter>GameObject\Components</Filter>
    </ClInclude>
    <ClInclude Include="RE_CompCamera.h">
      <Filter>GameObject\Components</Filter>
    </ClInclude>
    <ClInclude Include="RE_PrimitiveManager.h">
      <Filter>Modules\Resource Managers</Filter>
    </ClInclude>
    <ClInclude Include="ResourceManager.h">
      <Filter>Modules\Resource Managers</Filter>
    </ClInclude>
    <ClInclude Include="QuadTree.h">
      <Filter>Containers</Filter>
    </ClInclude>
    <ClInclude Include="ModuleEditor.h">
      <Filter>Modules\Editor</Filter>
    </ClInclude>
    <ClInclude Include="EditorWindows.h">
      <Filter>Modules\Editor</Filter>
    </ClInclude>
    <ClInclude Include="md5.h">
      <Filter>Utility</Filter>
    </ClInclude>
    <ClInclude Include="RE_CompTransform.h">
      <Filter>GameObject\Components</Filter>
    </ClInclude>
    <ClInclude Include="ImGui\imgui_impl_opengl3.h">
      <Filter>3rd Party\ImGui</Filter>
    </ClInclude>
    <ClInclude Include="ImGui\imgui_impl_sdl.h">
      <Filter>3rd Party\ImGui</Filter>
    </ClInclude>
    <ClInclude Include="ImGui\imstb_rectpack.h">
      <Filter>3rd Party\ImGui</Filter>
    </ClInclude>
    <ClInclude Include="ImGui\imstb_textedit.h">
      <Filter>3rd Party\ImGui</Filter>
    </ClInclude>
    <ClInclude Include="ImGui\imstb_truetype.h">
      <Filter>3rd Party\ImGui</Filter>
    </ClInclude>
    <ClInclude Include="RE_ModelImporter.h">
      <Filter>Modules\Resource Managers</Filter>
    </ClInclude>
    <ClInclude Include="RE_TextureImporter.h">
      <Filter>Modules\Resource Managers</Filter>
    </ClInclude>
    <ClInclude Include="Optick\include\optick.config.h">
      <Filter>3rd Party\Optick</Filter>
    </ClInclude>
    <ClInclude Include="Optick\include\optick.h">
      <Filter>3rd Party\Optick</Filter>
    </ClInclude>
    <ClInclude Include="Particle.h">
      <Filter>GameObject\Components\Particles</Filter>
    </ClInclude>
    <ClInclude Include="RE_CompParticleEmiter.h">
      <Filter>GameObject\Components\Particles</Filter>
    </ClInclude>
    <ClInclude Include="par_shapes.h">
      <Filter>3rd Party\PAR Shapes</Filter>
    </ClInclude>
    <ClInclude Include="RE_HandleErrors.h">
      <Filter>Modules\Independent App Modules</Filter>
    </ClInclude>
    <ClInclude Include="RE_InternalResources.h">
      <Filter>Modules\Independent App Modules</Filter>
    </ClInclude>
    <ClInclude Include="Resource.h">
      <Filter>Modules\Resource Managers\Resources</Filter>
    </ClInclude>
    <ClInclude Include="RE_Material.h">
      <Filter>Modules\Resource Managers\Resources</Filter>
    </ClInclude>
    <ClInclude Include="RE_Mesh.h">
      <Filter>Modules\Resource Managers\Resources</Filter>
    </ClInclude>
    <ClInclude Include="RE_Prefab.h">
      <Filter>Modules\Resource Managers\Resources</Filter>
    </ClInclude>
    <ClInclude Include="RE_Texture.h">
      <Filter>Modules\Resource Managers\Resources</Filter>
    </ClInclude>
    <ClInclude Include="RE_Scene.h">
      <Filter>Modules\Resource Managers\Resources</Filter>
    </ClInclude>
    <ClInclude Include="RE_Shader.h">
      <Filter>Modules\Resource Managers\Resources</Filter>
    </ClInclude>
    <ClInclude Include="RE_SkyBox.h">
      <Filter>Modules\Resource Managers\Resources</Filter>
    </ClInclude>
    <ClInclude Include="RE_CameraManager.h">
      <Filter>Modules\Independent App Modules</Filter>
    </ClInclude>
    <ClInclude Include="RE_ShaderImporter.h">
      <Filter>Modules\Resource Managers</Filter>
    </ClInclude>
    <ClInclude Include="RE_GameObject.h">
      <Filter>GameObject</Filter>
    </ClInclude>
  </ItemGroup>
  <ItemGroup>
    <Filter Include="3rd Party">
      <UniqueIdentifier>{6ee59120-7d58-46db-9b83-6553b3f6afae}</UniqueIdentifier>
    </Filter>
    <Filter Include="3rd Party\mmgr">
      <UniqueIdentifier>{bc8263be-7628-473f-8ffe-937631d6a567}</UniqueIdentifier>
    </Filter>
    <Filter Include="Modules">
      <UniqueIdentifier>{dbb90943-cf3a-483e-b9a2-928baf328345}</UniqueIdentifier>
    </Filter>
    <Filter Include="Main">
      <UniqueIdentifier>{9e983e10-37e2-43b9-8488-5c1ffa96e2dc}</UniqueIdentifier>
    </Filter>
    <Filter Include="Modules\Events">
      <UniqueIdentifier>{b7a63cfc-233b-4186-96c0-37e2ed9b095d}</UniqueIdentifier>
    </Filter>
    <Filter Include="Containers">
      <UniqueIdentifier>{b68e0a5d-ad13-472e-be1a-55dccf9fc2ce}</UniqueIdentifier>
    </Filter>
    <Filter Include="3rd Party\PhysFS">
      <UniqueIdentifier>{429ba044-1ffb-4246-aa0b-ab4a59cb5d97}</UniqueIdentifier>
    </Filter>
    <Filter Include="3rd Party\RapidJson">
      <UniqueIdentifier>{47bf42ae-64f7-408a-8df2-0e016762aa7c}</UniqueIdentifier>
    </Filter>
    <Filter Include="3rd Party\RapidJson\error">
      <UniqueIdentifier>{82e15e95-8224-4039-98c5-8bd59a87a22d}</UniqueIdentifier>
    </Filter>
    <Filter Include="3rd Party\RapidJson\internal">
      <UniqueIdentifier>{25c6036d-7ab4-46d8-a195-fa24feb8d820}</UniqueIdentifier>
    </Filter>
    <Filter Include="3rd Party\RapidJson\msinttypes">
      <UniqueIdentifier>{84cde038-91b4-48df-b508-24b57351bca2}</UniqueIdentifier>
    </Filter>
    <Filter Include="3rd Party\gpudetect">
      <UniqueIdentifier>{fec4a5bb-9630-4fec-ac82-f68facecd32b}</UniqueIdentifier>
    </Filter>
    <Filter Include="3rd Party\MathGeoLib">
      <UniqueIdentifier>{431bcedd-ace7-494b-97d5-9917c675a2a2}</UniqueIdentifier>
    </Filter>
    <Filter Include="3rd Party\ImGui">
      <UniqueIdentifier>{a919df7d-26c5-4f48-bc4d-d94d785fcd11}</UniqueIdentifier>
    </Filter>
    <Filter Include="3rd Party\ImGuizmo">
      <UniqueIdentifier>{a8753026-9d83-44bd-8441-d736761a142d}</UniqueIdentifier>
    </Filter>
    <Filter Include="Modules\Independent App Modules">
      <UniqueIdentifier>{5c9aef73-114b-4af7-98e0-23279889b965}</UniqueIdentifier>
    </Filter>
    <Filter Include="Modules\Independent App Modules\FileSystem">
      <UniqueIdentifier>{ad6c1631-980d-429f-8b61-6e17d3393f18}</UniqueIdentifier>
    </Filter>
    <Filter Include="Modules\Independent App Modules\TimeManager">
      <UniqueIdentifier>{8ce620fa-8774-4a60-8abd-93f1c8e1f000}</UniqueIdentifier>
    </Filter>
    <Filter Include="Modules\Independent App Modules\SystemInfo">
      <UniqueIdentifier>{53c1d23f-15c8-4f37-ad9f-906b62147787}</UniqueIdentifier>
    </Filter>
    <Filter Include="Modules\Independent App Modules\Math">
      <UniqueIdentifier>{25cac595-e5b7-48c5-96a6-cc2ec0fbb40c}</UniqueIdentifier>
    </Filter>
    <Filter Include="Utility">
      <UniqueIdentifier>{79e2c679-5e2b-47e5-95a0-240e5abe6473}</UniqueIdentifier>
    </Filter>
    <Filter Include="Utility\Log">
      <UniqueIdentifier>{f1f18652-ef76-444e-ab39-3f51efc4c14e}</UniqueIdentifier>
    </Filter>
    <Filter Include="GameObject">
      <UniqueIdentifier>{e7540df0-e081-4ea9-a12e-d166f45541ad}</UniqueIdentifier>
    </Filter>
    <Filter Include="GameObject\Components">
      <UniqueIdentifier>{a1265e59-2843-4b5a-abaf-37c926bb38a7}</UniqueIdentifier>
    </Filter>
    <Filter Include="Modules\Resource Managers">
      <UniqueIdentifier>{c7fdb747-bf4e-4864-8336-d13e49a20d25}</UniqueIdentifier>
    </Filter>
    <Filter Include="Modules\Editor">
      <UniqueIdentifier>{355a2309-34fd-415d-af8a-c2ca6f635028}</UniqueIdentifier>
    </Filter>
    <Filter Include="3rd Party\Optick">
      <UniqueIdentifier>{96f88492-7884-4afc-8db2-b5f3566d4b9c}</UniqueIdentifier>
    </Filter>
    <Filter Include="GameObject\Components\Particles">
      <UniqueIdentifier>{6be67668-60b0-48b8-9870-6f373919f170}</UniqueIdentifier>
    </Filter>
    <Filter Include="3rd Party\PAR Shapes">
      <UniqueIdentifier>{9fe0d206-8ee0-4092-b453-1b77011f1006}</UniqueIdentifier>
    </Filter>
    <Filter Include="Modules\Resource Managers\Resources">
      <UniqueIdentifier>{138e3b14-77d4-440e-872a-1d54ebdae46f}</UniqueIdentifier>
    </Filter>
  </ItemGroup>
  <ItemGroup>
    <None Include="..\Build\Assets\Settings\config.json">
      <Filter>Utility</Filter>
    </None>
  </ItemGroup>
</Project>