<?xml version="1.0" encoding="utf-8"?>
<Project ToolsVersion="16.0" xmlns="http://schemas.microsoft.com/developer/msbuild/2003">
  <ItemGroup>
    <ClCompile Include="src\MGL\Algorithm\GJK.cpp">
      <Filter>Source Files</Filter>
    </ClCompile>
    <ClCompile Include="src\MGL\Algorithm\GJK2D.cpp">
      <Filter>Source Files</Filter>
    </ClCompile>
    <ClCompile Include="src\MGL\Algorithm\Random\LCG.cpp">
      <Filter>Source Files</Filter>
    </ClCompile>
    <ClCompile Include="src\MGL\Algorithm\SAT.cpp">
      <Filter>Source Files</Filter>
    </ClCompile>
    <ClCompile Include="src\MGL\Geometry\AABB.cpp">
      <Filter>Source Files</Filter>
    </ClCompile>
    <ClCompile Include="src\MGL\Geometry\Capsule.cpp">
      <Filter>Source Files</Filter>
    </ClCompile>
    <ClCompile Include="src\MGL\Geometry\Circle.cpp">
      <Filter>Source Files</Filter>
    </ClCompile>
    <ClCompile Include="src\MGL\Geometry\Circle2D.cpp">
      <Filter>Source Files</Filter>
    </ClCompile>
    <ClCompile Include="src\MGL\Geometry\Frustum.cpp">
      <Filter>Source Files</Filter>
    </ClCompile>
    <ClCompile Include="src\MGL\Geometry\Line.cpp">
      <Filter>Source Files</Filter>
    </ClCompile>
    <ClCompile Include="src\MGL\Geometry\LineSegment.cpp">
      <Filter>Source Files</Filter>
    </ClCompile>
    <ClCompile Include="src\MGL\Geometry\LineSegment2D.cpp">
      <Filter>Source Files</Filter>
    </ClCompile>
    <ClCompile Include="src\MGL\Geometry\OBB.cpp">
      <Filter>Source Files</Filter>
    </ClCompile>
    <ClCompile Include="src\MGL\Geometry\PBVolume.cpp">
      <Filter>Source Files</Filter>
    </ClCompile>
    <ClCompile Include="src\MGL\Geometry\Plane.cpp">
      <Filter>Source Files</Filter>
    </ClCompile>
    <ClCompile Include="src\MGL\Geometry\Polygon.cpp">
      <Filter>Source Files</Filter>
    </ClCompile>
    <ClCompile Include="src\MGL\Geometry\Polyhedron.cpp">
      <Filter>Source Files</Filter>
    </ClCompile>
    <ClCompile Include="src\MGL\Geometry\Ray.cpp">
      <Filter>Source Files</Filter>
    </ClCompile>
    <ClCompile Include="src\MGL\Geometry\Sphere.cpp">
      <Filter>Source Files</Filter>
    </ClCompile>
    <ClCompile Include="src\MGL\Geometry\Triangle.cpp">
      <Filter>Source Files</Filter>
    </ClCompile>
    <ClCompile Include="src\MGL\Geometry\Triangle2D.cpp">
      <Filter>Source Files</Filter>
    </ClCompile>
    <ClCompile Include="src\MGL\Geometry\TriangleMesh.cpp">
      <Filter>Source Files</Filter>
    </ClCompile>
    <ClCompile Include="src\MGL\Math\BitOps.cpp">
      <Filter>Source Files</Filter>
    </ClCompile>
    <ClCompile Include="src\MGL\Math\Callstack.cpp">
      <Filter>Source Files</Filter>
    </ClCompile>
    <ClCompile Include="src\MGL\Math\MathFunc.cpp">
      <Filter>Source Files</Filter>
    </ClCompile>
    <ClCompile Include="src\MGL\Math\MathLog.cpp">
      <Filter>Source Files</Filter>
    </ClCompile>
    <ClCompile Include="src\MGL\Math\MathOps.cpp">
      <Filter>Source Files</Filter>
    </ClCompile>
    <ClCompile Include="src\MGL\Math\MiniFloat.cpp">
      <Filter>Source Files</Filter>
    </ClCompile>
    <ClCompile Include="src\MGL\Math\Polynomial.cpp">
      <Filter>Source Files</Filter>
    </ClCompile>
    <ClCompile Include="src\MGL\Math\Quat.cpp">
      <Filter>Source Files</Filter>
    </ClCompile>
    <ClCompile Include="src\MGL\Math\SSEMath.cpp">
      <Filter>Source Files</Filter>
    </ClCompile>
    <ClCompile Include="src\MGL\Math\TransformOps.cpp">
      <Filter>Source Files</Filter>
    </ClCompile>
    <ClCompile Include="src\MGL\Math\float2.cpp">
      <Filter>Source Files</Filter>
    </ClCompile>
    <ClCompile Include="src\MGL\Math\float3.cpp">
      <Filter>Source Files</Filter>
    </ClCompile>
    <ClCompile Include="src\MGL\Math\float3x3.cpp">
      <Filter>Source Files</Filter>
    </ClCompile>
    <ClCompile Include="src\MGL\Math\float3x4.cpp">
      <Filter>Source Files</Filter>
    </ClCompile>
    <ClCompile Include="src\MGL\Math\float4.cpp">
      <Filter>Source Files</Filter>
    </ClCompile>
    <ClCompile Include="src\MGL\Math\float4d.cpp">
      <Filter>Source Files</Filter>
    </ClCompile>
    <ClCompile Include="src\MGL\Math\float4x4.cpp">
      <Filter>Source Files</Filter>
    </ClCompile>
    <ClCompile Include="src\MGL\Math\grisu3.c">
      <Filter>Source Files</Filter>
    </ClCompile>
    <ClCompile Include="src\MGL\Math\grisu3_cpp.cpp">
      <Filter>Source Files</Filter>
    </ClCompile>
    <ClCompile Include="src\MGL\Time\Clock.cpp">
      <Filter>Source Files</Filter>
    </ClCompile>
  </ItemGroup>
  <ItemGroup>
    <ClInclude Include="src\MGL\Algorithm\GJK.h">
      <Filter>Header Files</Filter>
    </ClInclude>
    <ClInclude Include="src\MGL\Algorithm\GJK2D.h">
      <Filter>Header Files</Filter>
    </ClInclude>
    <ClInclude Include="src\MGL\Algorithm\Random\LCG.h">
      <Filter>Header Files</Filter>
    </ClInclude>
    <ClInclude Include="src\MGL\Algorithm\SAT.h">
      <Filter>Header Files</Filter>
    </ClInclude>
    <ClInclude Include="src\MGL\Geometry\AABB.h">
      <Filter>Header Files</Filter>
    </ClInclude>
    <ClInclude Include="src\MGL\Geometry\AABB2D.h">
      <Filter>Header Files</Filter>
    </ClInclude>
    <ClInclude Include="src\MGL\Geometry\Capsule.h">
      <Filter>Header Files</Filter>
    </ClInclude>
    <ClInclude Include="src\MGL\Geometry\Circle.h">
      <Filter>Header Files</Filter>
    </ClInclude>
    <ClInclude Include="src\MGL\Geometry\Circle2D.h">
      <Filter>Header Files</Filter>
    </ClInclude>
    <ClInclude Include="src\MGL\Geometry\Frustum.h">
      <Filter>Header Files</Filter>
    </ClInclude>
    <ClInclude Include="src\MGL\Geometry\GeomType.h">
      <Filter>Header Files</Filter>
    </ClInclude>
    <ClInclude Include="src\MGL\Geometry\GeometryAll.h">
      <Filter>Header Files</Filter>
    </ClInclude>
    <ClInclude Include="src\MGL\Geometry\HitInfo.h">
      <Filter>Header Files</Filter>
    </ClInclude>
    <ClInclude Include="src\MGL\Geometry\KDTree.h">
      <Filter>Header Files</Filter>
    </ClInclude>
    <ClInclude Include="src\MGL\Geometry\Line.h">
      <Filter>Header Files</Filter>
    </ClInclude>
    <ClInclude Include="src\MGL\Geometry\LineSegment.h">
      <Filter>Header Files</Filter>
    </ClInclude>
    <ClInclude Include="src\MGL\Geometry\LineSegment2D.h">
      <Filter>Header Files</Filter>
    </ClInclude>
    <ClInclude Include="src\MGL\Geometry\OBB.h">
      <Filter>Header Files</Filter>
    </ClInclude>
    <ClInclude Include="src\MGL\Geometry\OBB2D.h">
      <Filter>Header Files</Filter>
    </ClInclude>
    <ClInclude Include="src\MGL\Geometry\PBVolume.h">
      <Filter>Header Files</Filter>
    </ClInclude>
    <ClInclude Include="src\MGL\Geometry\Plane.h">
      <Filter>Header Files</Filter>
    </ClInclude>
    <ClInclude Include="src\MGL\Geometry\Polygon.h">
      <Filter>Header Files</Filter>
    </ClInclude>
    <ClInclude Include="src\MGL\Geometry\Polygon2DRef.h">
      <Filter>Header Files</Filter>
    </ClInclude>
    <ClInclude Include="src\MGL\Geometry\Polyhedron.h">
      <Filter>Header Files</Filter>
    </ClInclude>
    <ClInclude Include="src\MGL\Geometry\QuadTree.h">
      <Filter>Header Files</Filter>
    </ClInclude>
    <ClInclude Include="src\MGL\Geometry\Ray.h">
      <Filter>Header Files</Filter>
    </ClInclude>
    <ClInclude Include="src\MGL\Geometry\Sphere.h">
      <Filter>Header Files</Filter>
    </ClInclude>
    <ClInclude Include="src\MGL\Geometry\Triangle.h">
      <Filter>Header Files</Filter>
    </ClInclude>
    <ClInclude Include="src\MGL\Geometry\Triangle2D.h">
      <Filter>Header Files</Filter>
    </ClInclude>
    <ClInclude Include="src\MGL\Geometry\TriangleMesh.h">
      <Filter>Header Files</Filter>
    </ClInclude>
    <ClInclude Include="src\MGL\Math\BitFuncs.h">
      <Filter>Header Files</Filter>
    </ClInclude>
    <ClInclude Include="src\MGL\Math\BitOps.h">
      <Filter>Header Files</Filter>
    </ClInclude>
    <ClInclude Include="src\MGL\Math\Callstack.h">
      <Filter>Header Files</Filter>
    </ClInclude>
    <ClInclude Include="src\MGL\Math\FixedPoint.h">
      <Filter>Header Files</Filter>
    </ClInclude>
    <ClInclude Include="src\MGL\Math\FloatCmp.h">
      <Filter>Header Files</Filter>
    </ClInclude>
    <ClInclude Include="src\MGL\Math\InclWindows.h">
      <Filter>Header Files</Filter>
    </ClInclude>
    <ClInclude Include="src\MGL\Math\Interpolate.h">
      <Filter>Header Files</Filter>
    </ClInclude>
    <ClInclude Include="src\MGL\Math\MathAll.h">
      <Filter>Header Files</Filter>
    </ClInclude>
    <ClInclude Include="src\MGL\Math\MathConstants.h">
      <Filter>Header Files</Filter>
    </ClInclude>
    <ClInclude Include="src\MGL\Math\MathFunc.h">
      <Filter>Header Files</Filter>
    </ClInclude>
    <ClInclude Include="src\MGL\Math\MathLog.h">
      <Filter>Header Files</Filter>
    </ClInclude>
    <ClInclude Include="src\MGL\Math\MathNamespace.h">
      <Filter>Header Files</Filter>
    </ClInclude>
    <ClInclude Include="src\MGL\Math\MathTypes.h">
      <Filter>Header Files</Filter>
    </ClInclude>
    <ClInclude Include="src\MGL\Math\MatrixProxy.h">
      <Filter>Header Files</Filter>
    </ClInclude>
    <ClInclude Include="src\MGL\Math\MiniFloat.h">
      <Filter>Header Files</Filter>
    </ClInclude>
    <ClInclude Include="src\MGL\Math\MultiLineMacro.h">
      <Filter>Header Files</Filter>
    </ClInclude>
    <ClInclude Include="src\MGL\Math\Polynomial.h">
      <Filter>Header Files</Filter>
    </ClInclude>
    <ClInclude Include="src\MGL\Math\Quat.h">
      <Filter>Header Files</Filter>
    </ClInclude>
    <ClInclude Include="src\MGL\Math\Rect.h">
      <Filter>Header Files</Filter>
    </ClInclude>
    <ClInclude Include="src\MGL\Math\Reinterpret.h">
      <Filter>Header Files</Filter>
    </ClInclude>
    <ClInclude Include="src\MGL\Math\SSEMath.h">
      <Filter>Header Files</Filter>
    </ClInclude>
    <ClInclude Include="src\MGL\Math\Swap.h">
      <Filter>Header Files</Filter>
    </ClInclude>
    <ClInclude Include="src\MGL\Math\TransformOps.h">
      <Filter>Header Files</Filter>
    </ClInclude>
    <ClInclude Include="src\MGL\Math\assume.h">
      <Filter>Header Files</Filter>
    </ClInclude>
    <ClInclude Include="src\MGL\Math\float2.h">
      <Filter>Header Files</Filter>
    </ClInclude>
    <ClInclude Include="src\MGL\Math\float3.h">
      <Filter>Header Files</Filter>
    </ClInclude>
    <ClInclude Include="src\MGL\Math\float3x3.h">
      <Filter>Header Files</Filter>
    </ClInclude>
    <ClInclude Include="src\MGL\Math\float3x4.h">
      <Filter>Header Files</Filter>
    </ClInclude>
    <ClInclude Include="src\MGL\Math\float4.h">
      <Filter>Header Files</Filter>
    </ClInclude>
    <ClInclude Include="src\MGL\Math\float4_neon.h">
      <Filter>Header Files</Filter>
    </ClInclude>
    <ClInclude Include="src\MGL\Math\float4_sse.h">
      <Filter>Header Files</Filter>
    </ClInclude>
    <ClInclude Include="src\MGL\Math\float4d.h">
      <Filter>Header Files</Filter>
    </ClInclude>
    <ClInclude Include="src\MGL\Math\float4x4.h">
      <Filter>Header Files</Filter>
    </ClInclude>
    <ClInclude Include="src\MGL\Math\float4x4_neon.h">
      <Filter>Header Files</Filter>
    </ClInclude>
    <ClInclude Include="src\MGL\Math\float4x4_sse.h">
      <Filter>Header Files</Filter>
    </ClInclude>
    <ClInclude Include="src\MGL\Math\grisu3.h">
      <Filter>Header Files</Filter>
    </ClInclude>
    <ClInclude Include="src\MGL\Math\myassert.h">
      <Filter>Header Files</Filter>
    </ClInclude>
    <ClInclude Include="src\MGL\Math\quat_simd.h">
      <Filter>Header Files</Filter>
    </ClInclude>
    <ClInclude Include="src\MGL\Math\simd.h">
      <Filter>Header Files</Filter>
    </ClInclude>
    <ClInclude Include="src\MGL\Math\sse_mathfun.h">
      <Filter>Header Files</Filter>
    </ClInclude>
    <ClInclude Include="src\MGL\Math\vec2d.h">
      <Filter>Header Files</Filter>
    </ClInclude>
    <ClInclude Include="src\MGL\MathBuildConfig.h">
      <Filter>Header Files</Filter>
    </ClInclude>
    <ClInclude Include="src\MGL\MathGeoLib.h">
      <Filter>Header Files</Filter>
    </ClInclude>
    <ClInclude Include="src\MGL\MathGeoLibFwd.h">
      <Filter>Header Files</Filter>
    </ClInclude>
    <ClInclude Include="src\MGL\Time\Clock.h">
      <Filter>Header Files</Filter>
    </ClInclude>
    <ClInclude Include="src\MGL\emscripten\library_system.h">
      <Filter>Header Files</Filter>
    </ClInclude>
  </ItemGroup>
  <ItemGroup>
    <Filter Include="Header Files">
      <UniqueIdentifier>{93103E69-A531-3DB2-A2F7-665B9DFB4EAB}</UniqueIdentifier>
    </Filter>
    <Filter Include="Source Files">
      <UniqueIdentifier>{5FADF0B5-DAF0-350D-AE9A-57ACE4A4B9B2}</UniqueIdentifier>
    </Filter>
  </ItemGroup>
</Project>
