<?xml version="1.0" encoding="utf-8"?>
<Project ToolsVersion="4.0" xmlns="http://schemas.microsoft.com/developer/msbuild/2003">
  <ItemGroup>
    <Filter Include="Source Files">
      <UniqueIdentifier>{4FC737F1-C7A5-4376-A066-2A32D752A2FF}</UniqueIdentifier>
      <Extensions>cpp;c;cc;cxx;c++;cppm;ixx;def;odl;idl;hpj;bat;asm;asmx</Extensions>
    </Filter>
    <Filter Include="Header Files">
      <UniqueIdentifier>{93995380-89BD-4b04-88EB-625FBE52EBFB}</UniqueIdentifier>
      <Extensions>h;hh;hpp;hxx;h++;hm;inl;inc;ipp;xsd</Extensions>
    </Filter>
    <Filter Include="Resource Files">
      <UniqueIdentifier>{67DA6AB6-F800-4c08-8B7A-83BB121AAD01}</UniqueIdentifier>
      <Extensions>rc;ico;cur;bmp;dlg;rc2;rct;bin;rgs;gif;jpg;jpeg;jpe;resx;tiff;tif;png;wav;mfcribbon-ms</Extensions>
    </Filter>
    <Filter Include="3rd Party">
      <UniqueIdentifier>{246a6cf6-a175-4b1a-a75e-f60669789f6d}</UniqueIdentifier>
    </Filter>
    <Filter Include="3rd Party\ImGui">
      <UniqueIdentifier>{88add625-f16a-454c-944c-24e8ee750c86}</UniqueIdentifier>
    </Filter>
    <Filter Include="3rd Party\ImGui\backends">
      <UniqueIdentifier>{93581093-0cb8-41d5-802d-f12eb3442566}</UniqueIdentifier>
    </Filter>
    <Filter Include="3rd Party\SDL2">
      <UniqueIdentifier>{82a6a1c7-511e-43c1-853e-16cbbafd9bd0}</UniqueIdentifier>
    </Filter>
    <Filter Include="3rd Party\ImGui\misc">
      <UniqueIdentifier>{f05cd438-18eb-4019-a8f8-4079455d1a42}</UniqueIdentifier>
    </Filter>
    <Filter Include="Header Files\ImGuiWindows">
      <UniqueIdentifier>{fb4ff610-e08a-4e3f-bcb3-ccbb3f22aede}</UniqueIdentifier>
    </Filter>
    <Filter Include="Source Files\ImGuiWindows">
      <UniqueIdentifier>{77b7cffb-a41e-4111-a495-dbf8207b6c8b}</UniqueIdentifier>
    </Filter>
    <Filter Include="Header Files\ImGuiWindows\Windows">
      <UniqueIdentifier>{2cdef023-67c8-4833-9d6f-f819fe02c847}</UniqueIdentifier>
    </Filter>
    <Filter Include="Source Files\ImGuiWindows\Windows">
      <UniqueIdentifier>{1511347f-6a83-46cd-8cf0-27ebc8c9bc8a}</UniqueIdentifier>
    </Filter>
  </ItemGroup>
  <ItemGroup>
    <ClCompile Include="main.cpp">
      <Filter>Source Files</Filter>
    </ClCompile>
    <ClCompile Include="3rd Parties\ImGui\backends\imgui_impl_sdl.cpp">
      <Filter>3rd Party\ImGui\backends</Filter>
    </ClCompile>
    <ClCompile Include="3rd Parties\ImGui\imgui.cpp">
      <Filter>3rd Party\ImGui</Filter>
    </ClCompile>
    <ClCompile Include="3rd Parties\ImGui\imgui_demo.cpp">
      <Filter>3rd Party\ImGui</Filter>
    </ClCompile>
    <ClCompile Include="3rd Parties\ImGui\imgui_draw.cpp">
      <Filter>3rd Party\ImGui</Filter>
    </ClCompile>
    <ClCompile Include="3rd Parties\ImGui\imgui_tables.cpp">
      <Filter>3rd Party\ImGui</Filter>
    </ClCompile>
    <ClCompile Include="3rd Parties\ImGui\imgui_widgets.cpp">
      <Filter>3rd Party\ImGui</Filter>
    </ClCompile>
    <ClCompile Include="3rd Parties\ImGui\backends\imgui_impl_opengl3.cpp">
      <Filter>3rd Party\ImGui\backends</Filter>
    </ClCompile>
    <ClCompile Include="3rd Parties\ImGui\misc\cpp\imgui_stdlib.cpp">
      <Filter>3rd Party\ImGui\misc</Filter>
    </ClCompile>
    <ClCompile Include="JR_Application.cpp">
      <Filter>Source Files</Filter>
    </ClCompile>
    <ClCompile Include="JR_Input.cpp">
      <Filter>Source Files</Filter>
    </ClCompile>
    <ClCompile Include="JR_WindowAndRenderer.cpp">
      <Filter>Source Files</Filter>
    </ClCompile>
    <ClCompile Include="JR_WindowsManager.cpp">
      <Filter>Source Files\ImGuiWindows</Filter>
    </ClCompile>
    <ClCompile Include="JR_Window.cpp">
      <Filter>Source Files\ImGuiWindows</Filter>
    </ClCompile>
  </ItemGroup>
  <ItemGroup>
    <ClInclude Include="3rd Parties\ImGui\backends\imgui_impl_sdl.h">
      <Filter>3rd Party\ImGui\backends</Filter>
    </ClInclude>
    <ClInclude Include="3rd Parties\ImGui\imconfig.h">
      <Filter>3rd Party\ImGui</Filter>
    </ClInclude>
    <ClInclude Include="3rd Parties\ImGui\imgui.h">
      <Filter>3rd Party\ImGui</Filter>
    </ClInclude>
    <ClInclude Include="3rd Parties\ImGui\imgui_internal.h">
      <Filter>3rd Party\ImGui</Filter>
    </ClInclude>
    <ClInclude Include="3rd Parties\ImGui\imstb_rectpack.h">
      <Filter>3rd Party\ImGui</Filter>
    </ClInclude>
    <ClInclude Include="3rd Parties\ImGui\imstb_textedit.h">
      <Filter>3rd Party\ImGui</Filter>
    </ClInclude>
    <ClInclude Include="3rd Parties\ImGui\imstb_truetype.h">
      <Filter>3rd Party\ImGui</Filter>
    </ClInclude>
    <ClInclude Include="3rd Parties\SDL2\begin_code.h">
      <Filter>3rd Party\SDL2</Filter>
    </ClInclude>
    <ClInclude Include="3rd Parties\SDL2\close_code.h">
      <Filter>3rd Party\SDL2</Filter>
    </ClInclude>
    <ClInclude Include="3rd Parties\SDL2\SDL.h">
      <Filter>3rd Party\SDL2</Filter>
    </ClInclude>
    <ClInclude Include="3rd Parties\SDL2\SDL_assert.h">
      <Filter>3rd Party\SDL2</Filter>
    </ClInclude>
    <ClInclude Include="3rd Parties\SDL2\SDL_atomic.h">
      <Filter>3rd Party\SDL2</Filter>
    </ClInclude>
    <ClInclude Include="3rd Parties\SDL2\SDL_audio.h">
      <Filter>3rd Party\SDL2</Filter>
    </ClInclude>
    <ClInclude Include="3rd Parties\SDL2\SDL_bits.h">
      <Filter>3rd Party\SDL2</Filter>
    </ClInclude>
    <ClInclude Include="3rd Parties\SDL2\SDL_blendmode.h">
      <Filter>3rd Party\SDL2</Filter>
    </ClInclude>
    <ClInclude Include="3rd Parties\SDL2\SDL_clipboard.h">
      <Filter>3rd Party\SDL2</Filter>
    </ClInclude>
    <ClInclude Include="3rd Parties\SDL2\SDL_config.h">
      <Filter>3rd Party\SDL2</Filter>
    </ClInclude>
    <ClInclude Include="3rd Parties\SDL2\SDL_config_android.h">
      <Filter>3rd Party\SDL2</Filter>
    </ClInclude>
    <ClInclude Include="3rd Parties\SDL2\SDL_config_emscripten.h">
      <Filter>3rd Party\SDL2</Filter>
    </ClInclude>
    <ClInclude Include="3rd Parties\SDL2\SDL_config_iphoneos.h">
      <Filter>3rd Party\SDL2</Filter>
    </ClInclude>
    <ClInclude Include="3rd Parties\SDL2\SDL_config_macosx.h">
      <Filter>3rd Party\SDL2</Filter>
    </ClInclude>
    <ClInclude Include="3rd Parties\SDL2\SDL_config_minimal.h">
      <Filter>3rd Party\SDL2</Filter>
    </ClInclude>
    <ClInclude Include="3rd Parties\SDL2\SDL_config_os2.h">
      <Filter>3rd Party\SDL2</Filter>
    </ClInclude>
    <ClInclude Include="3rd Parties\SDL2\SDL_config_pandora.h">
      <Filter>3rd Party\SDL2</Filter>
    </ClInclude>
    <ClInclude Include="3rd Parties\SDL2\SDL_config_psp.h">
      <Filter>3rd Party\SDL2</Filter>
    </ClInclude>
    <ClInclude Include="3rd Parties\SDL2\SDL_config_windows.h">
      <Filter>3rd Party\SDL2</Filter>
    </ClInclude>
    <ClInclude Include="3rd Parties\SDL2\SDL_config_winrt.h">
      <Filter>3rd Party\SDL2</Filter>
    </ClInclude>
    <ClInclude Include="3rd Parties\SDL2\SDL_config_wiz.h">
      <Filter>3rd Party\SDL2</Filter>
    </ClInclude>
    <ClInclude Include="3rd Parties\SDL2\SDL_copying.h">
      <Filter>3rd Party\SDL2</Filter>
    </ClInclude>
    <ClInclude Include="3rd Parties\SDL2\SDL_cpuinfo.h">
      <Filter>3rd Party\SDL2</Filter>
    </ClInclude>
    <ClInclude Include="3rd Parties\SDL2\SDL_egl.h">
      <Filter>3rd Party\SDL2</Filter>
    </ClInclude>
    <ClInclude Include="3rd Parties\SDL2\SDL_endian.h">
      <Filter>3rd Party\SDL2</Filter>
    </ClInclude>
    <ClInclude Include="3rd Parties\SDL2\SDL_error.h">
      <Filter>3rd Party\SDL2</Filter>
    </ClInclude>
    <ClInclude Include="3rd Parties\SDL2\SDL_events.h">
      <Filter>3rd Party\SDL2</Filter>
    </ClInclude>
    <ClInclude Include="3rd Parties\SDL2\SDL_filesystem.h">
      <Filter>3rd Party\SDL2</Filter>
    </ClInclude>
    <ClInclude Include="3rd Parties\SDL2\SDL_gamecontroller.h">
      <Filter>3rd Party\SDL2</Filter>
    </ClInclude>
    <ClInclude Include="3rd Parties\SDL2\SDL_gesture.h">
      <Filter>3rd Party\SDL2</Filter>
    </ClInclude>
    <ClInclude Include="3rd Parties\SDL2\SDL_haptic.h">
      <Filter>3rd Party\SDL2</Filter>
    </ClInclude>
    <ClInclude Include="3rd Parties\SDL2\SDL_hints.h">
      <Filter>3rd Party\SDL2</Filter>
    </ClInclude>
    <ClInclude Include="3rd Parties\SDL2\SDL_joystick.h">
      <Filter>3rd Party\SDL2</Filter>
    </ClInclude>
    <ClInclude Include="3rd Parties\SDL2\SDL_keyboard.h">
      <Filter>3rd Party\SDL2</Filter>
    </ClInclude>
    <ClInclude Include="3rd Parties\SDL2\SDL_keycode.h">
      <Filter>3rd Party\SDL2</Filter>
    </ClInclude>
    <ClInclude Include="3rd Parties\SDL2\SDL_loadso.h">
      <Filter>3rd Party\SDL2</Filter>
    </ClInclude>
    <ClInclude Include="3rd Parties\SDL2\SDL_locale.h">
      <Filter>3rd Party\SDL2</Filter>
    </ClInclude>
    <ClInclude Include="3rd Parties\SDL2\SDL_log.h">
      <Filter>3rd Party\SDL2</Filter>
    </ClInclude>
    <ClInclude Include="3rd Parties\SDL2\SDL_main.h">
      <Filter>3rd Party\SDL2</Filter>
    </ClInclude>
    <ClInclude Include="3rd Parties\SDL2\SDL_messagebox.h">
      <Filter>3rd Party\SDL2</Filter>
    </ClInclude>
    <ClInclude Include="3rd Parties\SDL2\SDL_metal.h">
      <Filter>3rd Party\SDL2</Filter>
    </ClInclude>
    <ClInclude Include="3rd Parties\SDL2\SDL_misc.h">
      <Filter>3rd Party\SDL2</Filter>
    </ClInclude>
    <ClInclude Include="3rd Parties\SDL2\SDL_mouse.h">
      <Filter>3rd Party\SDL2</Filter>
    </ClInclude>
    <ClInclude Include="3rd Parties\SDL2\SDL_mutex.h">
      <Filter>3rd Party\SDL2</Filter>
    </ClInclude>
    <ClInclude Include="3rd Parties\SDL2\SDL_name.h">
      <Filter>3rd Party\SDL2</Filter>
    </ClInclude>
    <ClInclude Include="3rd Parties\SDL2\SDL_opengl.h">
      <Filter>3rd Party\SDL2</Filter>
    </ClInclude>
    <ClInclude Include="3rd Parties\SDL2\SDL_opengl_glext.h">
      <Filter>3rd Party\SDL2</Filter>
    </ClInclude>
    <ClInclude Include="3rd Parties\SDL2\SDL_opengles.h">
      <Filter>3rd Party\SDL2</Filter>
    </ClInclude>
    <ClInclude Include="3rd Parties\SDL2\SDL_opengles2.h">
      <Filter>3rd Party\SDL2</Filter>
    </ClInclude>
    <ClInclude Include="3rd Parties\SDL2\SDL_opengles2_gl2.h">
      <Filter>3rd Party\SDL2</Filter>
    </ClInclude>
    <ClInclude Include="3rd Parties\SDL2\SDL_opengles2_gl2ext.h">
      <Filter>3rd Party\SDL2</Filter>
    </ClInclude>
    <ClInclude Include="3rd Parties\SDL2\SDL_opengles2_gl2platform.h">
      <Filter>3rd Party\SDL2</Filter>
    </ClInclude>
    <ClInclude Include="3rd Parties\SDL2\SDL_opengles2_khrplatform.h">
      <Filter>3rd Party\SDL2</Filter>
    </ClInclude>
    <ClInclude Include="3rd Parties\SDL2\SDL_pixels.h">
      <Filter>3rd Party\SDL2</Filter>
    </ClInclude>
    <ClInclude Include="3rd Parties\SDL2\SDL_platform.h">
      <Filter>3rd Party\SDL2</Filter>
    </ClInclude>
    <ClInclude Include="3rd Parties\SDL2\SDL_power.h">
      <Filter>3rd Party\SDL2</Filter>
    </ClInclude>
    <ClInclude Include="3rd Parties\SDL2\SDL_quit.h">
      <Filter>3rd Party\SDL2</Filter>
    </ClInclude>
    <ClInclude Include="3rd Parties\SDL2\SDL_rect.h">
      <Filter>3rd Party\SDL2</Filter>
    </ClInclude>
    <ClInclude Include="3rd Parties\SDL2\SDL_render.h">
      <Filter>3rd Party\SDL2</Filter>
    </ClInclude>
    <ClInclude Include="3rd Parties\SDL2\SDL_revision.h">
      <Filter>3rd Party\SDL2</Filter>
    </ClInclude>
    <ClInclude Include="3rd Parties\SDL2\SDL_rwops.h">
      <Filter>3rd Party\SDL2</Filter>
    </ClInclude>
    <ClInclude Include="3rd Parties\SDL2\SDL_scancode.h">
      <Filter>3rd Party\SDL2</Filter>
    </ClInclude>
    <ClInclude Include="3rd Parties\SDL2\SDL_sensor.h">
      <Filter>3rd Party\SDL2</Filter>
    </ClInclude>
    <ClInclude Include="3rd Parties\SDL2\SDL_shape.h">
      <Filter>3rd Party\SDL2</Filter>
    </ClInclude>
    <ClInclude Include="3rd Parties\SDL2\SDL_stdinc.h">
      <Filter>3rd Party\SDL2</Filter>
    </ClInclude>
    <ClInclude Include="3rd Parties\SDL2\SDL_surface.h">
      <Filter>3rd Party\SDL2</Filter>
    </ClInclude>
    <ClInclude Include="3rd Parties\SDL2\SDL_system.h">
      <Filter>3rd Party\SDL2</Filter>
    </ClInclude>
    <ClInclude Include="3rd Parties\SDL2\SDL_syswm.h">
      <Filter>3rd Party\SDL2</Filter>
    </ClInclude>
    <ClInclude Include="3rd Parties\SDL2\SDL_test.h">
      <Filter>3rd Party\SDL2</Filter>
    </ClInclude>
    <ClInclude Include="3rd Parties\SDL2\SDL_test_assert.h">
      <Filter>3rd Party\SDL2</Filter>
    </ClInclude>
    <ClInclude Include="3rd Parties\SDL2\SDL_test_common.h">
      <Filter>3rd Party\SDL2</Filter>
    </ClInclude>
    <ClInclude Include="3rd Parties\SDL2\SDL_test_compare.h">
      <Filter>3rd Party\SDL2</Filter>
    </ClInclude>
    <ClInclude Include="3rd Parties\SDL2\SDL_test_crc32.h">
      <Filter>3rd Party\SDL2</Filter>
    </ClInclude>
    <ClInclude Include="3rd Parties\SDL2\SDL_test_font.h">
      <Filter>3rd Party\SDL2</Filter>
    </ClInclude>
    <ClInclude Include="3rd Parties\SDL2\SDL_test_fuzzer.h">
      <Filter>3rd Party\SDL2</Filter>
    </ClInclude>
    <ClInclude Include="3rd Parties\SDL2\SDL_test_harness.h">
      <Filter>3rd Party\SDL2</Filter>
    </ClInclude>
    <ClInclude Include="3rd Parties\SDL2\SDL_test_images.h">
      <Filter>3rd Party\SDL2</Filter>
    </ClInclude>
    <ClInclude Include="3rd Parties\SDL2\SDL_test_log.h">
      <Filter>3rd Party\SDL2</Filter>
    </ClInclude>
    <ClInclude Include="3rd Parties\SDL2\SDL_test_md5.h">
      <Filter>3rd Party\SDL2</Filter>
    </ClInclude>
    <ClInclude Include="3rd Parties\SDL2\SDL_test_memory.h">
      <Filter>3rd Party\SDL2</Filter>
    </ClInclude>
    <ClInclude Include="3rd Parties\SDL2\SDL_test_random.h">
      <Filter>3rd Party\SDL2</Filter>
    </ClInclude>
    <ClInclude Include="3rd Parties\SDL2\SDL_thread.h">
      <Filter>3rd Party\SDL2</Filter>
    </ClInclude>
    <ClInclude Include="3rd Parties\SDL2\SDL_timer.h">
      <Filter>3rd Party\SDL2</Filter>
    </ClInclude>
    <ClInclude Include="3rd Parties\SDL2\SDL_touch.h">
      <Filter>3rd Party\SDL2</Filter>
    </ClInclude>
    <ClInclude Include="3rd Parties\SDL2\SDL_types.h">
      <Filter>3rd Party\SDL2</Filter>
    </ClInclude>
    <ClInclude Include="3rd Parties\SDL2\SDL_version.h">
      <Filter>3rd Party\SDL2</Filter>
    </ClInclude>
    <ClInclude Include="3rd Parties\SDL2\SDL_video.h">
      <Filter>3rd Party\SDL2</Filter>
    </ClInclude>
    <ClInclude Include="3rd Parties\SDL2\SDL_vulkan.h">
      <Filter>3rd Party\SDL2</Filter>
    </ClInclude>
    <ClInclude Include="3rd Parties\ImGui\backends\imgui_impl_opengl3.h">
      <Filter>3rd Party\ImGui\backends</Filter>
    </ClInclude>
    <ClInclude Include="3rd Parties\ImGui\backends\imgui_impl_opengl3_loader.h">
      <Filter>3rd Party\ImGui\backends</Filter>
    </ClInclude>
    <ClInclude Include="3rd Parties\ImGui\misc\cpp\imgui_stdlib.h">
      <Filter>3rd Party\ImGui\misc</Filter>
    </ClInclude>
    <ClInclude Include="JR_Application.h">
      <Filter>Header Files</Filter>
    </ClInclude>
    <ClInclude Include="JR_Input.h">
      <Filter>Header Files</Filter>
    </ClInclude>
    <ClInclude Include="JR_WindowAndRenderer.h">
      <Filter>Header Files</Filter>
    </ClInclude>
    <ClInclude Include="JR_WindowsManager.h">
      <Filter>Header Files\ImGuiWindows</Filter>
    </ClInclude>
    <ClInclude Include="JR_Window.h">
      <Filter>Header Files\ImGuiWindows</Filter>
    </ClInclude>
  </ItemGroup>
  <ItemGroup>
    <None Include="3rd Parties\SDL2\SDL_config.h.cmake">
      <Filter>3rd Party\SDL2</Filter>
    </None>
    <None Include="3rd Parties\SDL2\SDL_config.h.in">
      <Filter>3rd Party\SDL2</Filter>
    </None>
    <None Include="3rd Parties\SDL2\SDL_revision.h.cmake">
      <Filter>3rd Party\SDL2</Filter>
    </None>
  </ItemGroup>
</Project>